// !$*UTF8*$!
{
	archiveVersion = 1;
	classes = {
	};
	objectVersion = 46;
	objects = {

/* Begin PBXBuildFile section */
		22A69368B492956AE4AF6ECB /* Pods_Diappetes.framework in Frameworks */ = {isa = PBXBuildFile; fileRef = A61ED7DA923DEC82F506F5E3 /* Pods_Diappetes.framework */; };
		814C3ACB1B69877600E307BB /* Images.xcassets in Resources */ = {isa = PBXBuildFile; fileRef = 814C3AC81B69877600E307BB /* Images.xcassets */; };
		81BA814B1A49DA1800E65899 /* AppDelegate.swift in Sources */ = {isa = PBXBuildFile; fileRef = 81BA814A1A49DA1800E65899 /* AppDelegate.swift */; };
		81BA814D1A49DA1800E65899 /* ViewController.swift in Sources */ = {isa = PBXBuildFile; fileRef = 81BA814C1A49DA1800E65899 /* ViewController.swift */; };
		81BA81701A49DB6800E65899 /* Bolts.framework in Frameworks */ = {isa = PBXBuildFile; fileRef = 81BA816B1A49DB6800E65899 /* Bolts.framework */; };
		81BA81711A49DB6800E65899 /* Parse.framework in Frameworks */ = {isa = PBXBuildFile; fileRef = 81BA816C1A49DB6800E65899 /* Parse.framework */; };
		81BA81771A49E0D500E65899 /* libsqlite3.dylib in Frameworks */ = {isa = PBXBuildFile; fileRef = 81BA81761A49E0D500E65899 /* libsqlite3.dylib */; };
		81BA81791A49E0DB00E65899 /* AudioToolbox.framework in Frameworks */ = {isa = PBXBuildFile; fileRef = 81BA81781A49E0DB00E65899 /* AudioToolbox.framework */; };
		81BA817B1A49E0E500E65899 /* SystemConfiguration.framework in Frameworks */ = {isa = PBXBuildFile; fileRef = 81BA817A1A49E0E500E65899 /* SystemConfiguration.framework */; };
		81BA817F1A49E0F000E65899 /* libstdc++.6.dylib in Frameworks */ = {isa = PBXBuildFile; fileRef = 81BA817E1A49E0F000E65899 /* libstdc++.6.dylib */; };
		842117751D16EA63005ED9FA /* Image_3.png in Resources */ = {isa = PBXBuildFile; fileRef = 842117741D16EA63005ED9FA /* Image_3.png */; };
		844D4E031D120DA70098C0C1 /* TableViewController.swift in Sources */ = {isa = PBXBuildFile; fileRef = 844D4E021D120DA70098C0C1 /* TableViewController.swift */; };
		844D4E051D120DF30098C0C1 /* Main.storyboard in Resources */ = {isa = PBXBuildFile; fileRef = 844D4E041D120DF30098C0C1 /* Main.storyboard */; };
		844D4E111D12184D0098C0C1 /* Man_Woman_Avatar-512.png in Resources */ = {isa = PBXBuildFile; fileRef = 844D4E101D12184D0098C0C1 /* Man_Woman_Avatar-512.png */; };
		844D4E171D122AAF0098C0C1 /* FeedTableViewController.swift in Sources */ = {isa = PBXBuildFile; fileRef = 844D4E161D122AAF0098C0C1 /* FeedTableViewController.swift */; };
		8492419D1D18902F0008696C /* GlucosaViewController.swift in Sources */ = {isa = PBXBuildFile; fileRef = 8492419C1D18902F0008696C /* GlucosaViewController.swift */; };
		8492419F1D18AA5C0008696C /* ConsultaViewController.swift in Sources */ = {isa = PBXBuildFile; fileRef = 8492419E1D18AA5C0008696C /* ConsultaViewController.swift */; };
		849241A11D18B5FC0008696C /* TipsViewController.swift in Sources */ = {isa = PBXBuildFile; fileRef = 849241A01D18B5FC0008696C /* TipsViewController.swift */; };
		849241A31D18CA9A0008696C /* FacebookViewController.swift in Sources */ = {isa = PBXBuildFile; fileRef = 849241A21D18CA9A0008696C /* FacebookViewController.swift */; };
		849241A51D18CC210008696C /* AlimentosViewController.swift in Sources */ = {isa = PBXBuildFile; fileRef = 849241A41D18CC210008696C /* AlimentosViewController.swift */; };
		849429C31D18EB1500AFE68C /* MenuViewController.swift in Sources */ = {isa = PBXBuildFile; fileRef = 849429C21D18EB1500AFE68C /* MenuViewController.swift */; };
		84DF5D741D176D97004ED18F /* Captura de pantalla 2016-06-19 a las 7.15.28 p.m..png in Resources */ = {isa = PBXBuildFile; fileRef = 84DF5D731D176D97004ED18F /* Captura de pantalla 2016-06-19 a las 7.15.28 p.m..png */; };
		84DF5DA11D17AF91004ED18F /* PostImageViewController.swift in Sources */ = {isa = PBXBuildFile; fileRef = 84DF5DA01D17AF91004ED18F /* PostImageViewController.swift */; };
		84DF5DA31D17AF9F004ED18F /* cell.swift in Sources */ = {isa = PBXBuildFile; fileRef = 84DF5DA21D17AF9F004ED18F /* cell.swift */; };
		B6046E271E8DA7830045BB8F /* DetalleControladorInterfaceController.swift in Sources */ = {isa = PBXBuildFile; fileRef = B6046E261E8DA7830045BB8F /* DetalleControladorInterfaceController.swift */; };
		B633FD201E8CCC07008774F4 /* mapas.json in Resources */ = {isa = PBXBuildFile; fileRef = B633FD1F1E8CCC07008774F4 /* mapas.json */; };
		B635EB641E551BD000D9D611 /* Contents.json in Resources */ = {isa = PBXBuildFile; fileRef = B635EB4D1E551BD000D9D611 /* Contents.json */; };
		B635EB651E551BD000D9D611 /* Icon-App-20x20@1x.png in Resources */ = {isa = PBXBuildFile; fileRef = B635EB4E1E551BD000D9D611 /* Icon-App-20x20@1x.png */; };
		B635EB661E551BD000D9D611 /* Icon-App-20x20@2x.png in Resources */ = {isa = PBXBuildFile; fileRef = B635EB4F1E551BD000D9D611 /* Icon-App-20x20@2x.png */; };
		B635EB671E551BD000D9D611 /* Icon-App-20x20@3x.png in Resources */ = {isa = PBXBuildFile; fileRef = B635EB501E551BD000D9D611 /* Icon-App-20x20@3x.png */; };
		B635EB681E551BD000D9D611 /* Icon-App-29x29@1x.png in Resources */ = {isa = PBXBuildFile; fileRef = B635EB511E551BD000D9D611 /* Icon-App-29x29@1x.png */; };
		B635EB691E551BD000D9D611 /* Icon-App-29x29@2x.png in Resources */ = {isa = PBXBuildFile; fileRef = B635EB521E551BD000D9D611 /* Icon-App-29x29@2x.png */; };
		B635EB6A1E551BD000D9D611 /* Icon-App-29x29@3x.png in Resources */ = {isa = PBXBuildFile; fileRef = B635EB531E551BD000D9D611 /* Icon-App-29x29@3x.png */; };
		B635EB6B1E551BD000D9D611 /* Icon-App-40x40@1x.png in Resources */ = {isa = PBXBuildFile; fileRef = B635EB541E551BD000D9D611 /* Icon-App-40x40@1x.png */; };
		B635EB6C1E551BD000D9D611 /* Icon-App-40x40@2x.png in Resources */ = {isa = PBXBuildFile; fileRef = B635EB551E551BD000D9D611 /* Icon-App-40x40@2x.png */; };
		B635EB6D1E551BD000D9D611 /* Icon-App-40x40@3x.png in Resources */ = {isa = PBXBuildFile; fileRef = B635EB561E551BD000D9D611 /* Icon-App-40x40@3x.png */; };
		B635EB6E1E551BD000D9D611 /* Icon-App-57x57@1x.png in Resources */ = {isa = PBXBuildFile; fileRef = B635EB571E551BD000D9D611 /* Icon-App-57x57@1x.png */; };
		B635EB6F1E551BD000D9D611 /* Icon-App-57x57@2x.png in Resources */ = {isa = PBXBuildFile; fileRef = B635EB581E551BD000D9D611 /* Icon-App-57x57@2x.png */; };
		B635EB701E551BD000D9D611 /* Icon-App-60x60@1x.png in Resources */ = {isa = PBXBuildFile; fileRef = B635EB591E551BD000D9D611 /* Icon-App-60x60@1x.png */; };
		B635EB711E551BD000D9D611 /* Icon-App-60x60@2x.png in Resources */ = {isa = PBXBuildFile; fileRef = B635EB5A1E551BD000D9D611 /* Icon-App-60x60@2x.png */; };
		B635EB721E551BD000D9D611 /* Icon-App-60x60@3x.png in Resources */ = {isa = PBXBuildFile; fileRef = B635EB5B1E551BD000D9D611 /* Icon-App-60x60@3x.png */; };
		B635EB731E551BD000D9D611 /* Icon-App-72x72@1x.png in Resources */ = {isa = PBXBuildFile; fileRef = B635EB5C1E551BD000D9D611 /* Icon-App-72x72@1x.png */; };
		B635EB741E551BD000D9D611 /* Icon-App-72x72@2x.png in Resources */ = {isa = PBXBuildFile; fileRef = B635EB5D1E551BD000D9D611 /* Icon-App-72x72@2x.png */; };
		B635EB751E551BD000D9D611 /* Icon-App-76x76@1x.png in Resources */ = {isa = PBXBuildFile; fileRef = B635EB5E1E551BD000D9D611 /* Icon-App-76x76@1x.png */; };
		B635EB761E551BD000D9D611 /* Icon-App-76x76@2x.png in Resources */ = {isa = PBXBuildFile; fileRef = B635EB5F1E551BD000D9D611 /* Icon-App-76x76@2x.png */; };
		B635EB771E551BD000D9D611 /* Icon-App-76x76@3x.png in Resources */ = {isa = PBXBuildFile; fileRef = B635EB601E551BD000D9D611 /* Icon-App-76x76@3x.png */; };
		B635EB781E551BD000D9D611 /* Icon-App-83.5x83.5@2x.png in Resources */ = {isa = PBXBuildFile; fileRef = B635EB611E551BD000D9D611 /* Icon-App-83.5x83.5@2x.png */; };
		B635EB791E551BD000D9D611 /* Icon-Small-50x50@1x.png in Resources */ = {isa = PBXBuildFile; fileRef = B635EB621E551BD000D9D611 /* Icon-Small-50x50@1x.png */; };
		B635EB7A1E551BD000D9D611 /* Icon-Small-50x50@2x.png in Resources */ = {isa = PBXBuildFile; fileRef = B635EB631E551BD000D9D611 /* Icon-Small-50x50@2x.png */; };
		B635EB821E551DAE00D9D611 /* Treatment Plan-50.png in Resources */ = {isa = PBXBuildFile; fileRef = B635EB811E551DAE00D9D611 /* Treatment Plan-50.png */; };
		B635EB841E551DC000D9D611 /* Chat Filled-50.png in Resources */ = {isa = PBXBuildFile; fileRef = B635EB831E551DC000D9D611 /* Chat Filled-50.png */; };
		B64934051E4D1BA000FBE007 /* Menu-501.png in Resources */ = {isa = PBXBuildFile; fileRef = B64934041E4D1BA000FBE007 /* Menu-501.png */; };
		B64934181E4D1BAE00FBE007 /* Line Chart Filled-25.png in Resources */ = {isa = PBXBuildFile; fileRef = B64934061E4D1BAE00FBE007 /* Line Chart Filled-25.png */; };
		B64934191E4D1BAE00FBE007 /* Facebook Filled-25.png in Resources */ = {isa = PBXBuildFile; fileRef = B64934071E4D1BAE00FBE007 /* Facebook Filled-25.png */; };
		B649341A1E4D1BAE00FBE007 /* Alarm Clock-25.png in Resources */ = {isa = PBXBuildFile; fileRef = B64934081E4D1BAE00FBE007 /* Alarm Clock-25.png */; };
		B649341B1E4D1BAE00FBE007 /* Add Shopping Cart-50.png in Resources */ = {isa = PBXBuildFile; fileRef = B64934091E4D1BAE00FBE007 /* Add Shopping Cart-50.png */; };
		B649341C1E4D1BAE00FBE007 /* Info-50.png in Resources */ = {isa = PBXBuildFile; fileRef = B649340A1E4D1BAE00FBE007 /* Info-50.png */; };
		B649341D1E4D1BAE00FBE007 /* Christmas Star Filled-25.png in Resources */ = {isa = PBXBuildFile; fileRef = B649340B1E4D1BAE00FBE007 /* Christmas Star Filled-25.png */; };
		B649341E1E4D1BAE00FBE007 /* Treatment Plan-25.png in Resources */ = {isa = PBXBuildFile; fileRef = B649340C1E4D1BAE00FBE007 /* Treatment Plan-25.png */; };
		B649341F1E4D1BAE00FBE007 /* Chat Filled-25.png in Resources */ = {isa = PBXBuildFile; fileRef = B649340D1E4D1BAE00FBE007 /* Chat Filled-25.png */; };
		B64934201E4D1BAE00FBE007 /* Health Book-25.png in Resources */ = {isa = PBXBuildFile; fileRef = B649340E1E4D1BAE00FBE007 /* Health Book-25.png */; };
		B64934211E4D1BAE00FBE007 /* Caloric Energy-50.png in Resources */ = {isa = PBXBuildFile; fileRef = B649340F1E4D1BAE00FBE007 /* Caloric Energy-50.png */; };
		B64934221E4D1BAE00FBE007 /* Add Rule-50.png in Resources */ = {isa = PBXBuildFile; fileRef = B64934101E4D1BAE00FBE007 /* Add Rule-50.png */; };
		B64934231E4D1BAE00FBE007 /* Diabetes-50.png in Resources */ = {isa = PBXBuildFile; fileRef = B64934111E4D1BAE00FBE007 /* Diabetes-50.png */; };
		B64934241E4D1BAE00FBE007 /* Medical Doctor-50.png in Resources */ = {isa = PBXBuildFile; fileRef = B64934121E4D1BAE00FBE007 /* Medical Doctor-50.png */; };
		B64934251E4D1BAE00FBE007 /* Heart Monitor-50.png in Resources */ = {isa = PBXBuildFile; fileRef = B64934131E4D1BAE00FBE007 /* Heart Monitor-50.png */; };
		B64934261E4D1BAE00FBE007 /* AED-50.png in Resources */ = {isa = PBXBuildFile; fileRef = B64934141E4D1BAE00FBE007 /* AED-50.png */; };
		B64934271E4D1BAE00FBE007 /* Pill-50.png in Resources */ = {isa = PBXBuildFile; fileRef = B64934151E4D1BAE00FBE007 /* Pill-50.png */; };
		B64934281E4D1BAE00FBE007 /* Doctors Bag-50.png in Resources */ = {isa = PBXBuildFile; fileRef = B64934161E4D1BAE00FBE007 /* Doctors Bag-50.png */; };
		B64934291E4D1BAE00FBE007 /* Area Chart-501.png in Resources */ = {isa = PBXBuildFile; fileRef = B64934171E4D1BAE00FBE007 /* Area Chart-501.png */; };
		B64934321E4D1BCE00FBE007 /* insulina.png in Resources */ = {isa = PBXBuildFile; fileRef = B649342A1E4D1BCE00FBE007 /* insulina.png */; };
		B64934331E4D1BCE00FBE007 /* FAQ-512.png in Resources */ = {isa = PBXBuildFile; fileRef = B649342B1E4D1BCE00FBE007 /* FAQ-512.png */; };
		B64934341E4D1BCE00FBE007 /* historialMedico.png in Resources */ = {isa = PBXBuildFile; fileRef = B649342C1E4D1BCE00FBE007 /* historialMedico.png */; };
		B64934351E4D1BCE00FBE007 /* calendario.png in Resources */ = {isa = PBXBuildFile; fileRef = B649342D1E4D1BCE00FBE007 /* calendario.png */; };
		B64934361E4D1BCE00FBE007 /* alimentos.png in Resources */ = {isa = PBXBuildFile; fileRef = B649342E1E4D1BCE00FBE007 /* alimentos.png */; };
		B64934371E4D1BCE00FBE007 /* tips.png in Resources */ = {isa = PBXBuildFile; fileRef = B649342F1E4D1BCE00FBE007 /* tips.png */; };
		B64934381E4D1BCE00FBE007 /* iOS-7-Wallpaper-2-577x1024.png in Resources */ = {isa = PBXBuildFile; fileRef = B64934301E4D1BCE00FBE007 /* iOS-7-Wallpaper-2-577x1024.png */; };
		B64934391E4D1BCE00FBE007 /* fondos-de-pantalla-de-iOS-9-11.jpg in Resources */ = {isa = PBXBuildFile; fileRef = B64934311E4D1BCE00FBE007 /* fondos-de-pantalla-de-iOS-9-11.jpg */; };
		B649343B1E4D1C2F00FBE007 /* rounded-512.png in Resources */ = {isa = PBXBuildFile; fileRef = B649343A1E4D1C2F00FBE007 /* rounded-512.png */; };
		B64934521E4D24E500FBE007 /* fondonaranja.jpg in Resources */ = {isa = PBXBuildFile; fileRef = B649344F1E4D24E500FBE007 /* fondonaranja.jpg */; };
		B64934531E4D24E500FBE007 /* fondoazul.jpg in Resources */ = {isa = PBXBuildFile; fileRef = B64934501E4D24E500FBE007 /* fondoazul.jpg */; };
		B64934541E4D24E500FBE007 /* fondomorado.jpg in Resources */ = {isa = PBXBuildFile; fileRef = B64934511E4D24E500FBE007 /* fondomorado.jpg */; };
		B64934561E4D266100FBE007 /* fondo2.jpg in Resources */ = {isa = PBXBuildFile; fileRef = B64934551E4D266100FBE007 /* fondo2.jpg */; };
		B64934581E4D28C900FBE007 /* fondo.jpg in Resources */ = {isa = PBXBuildFile; fileRef = B64934571E4D28C900FBE007 /* fondo.jpg */; };
		B64A358D1E4E4AC000B8E7AA /* HistorialMedicoViewController.swift in Sources */ = {isa = PBXBuildFile; fileRef = B64A358C1E4E4AC000B8E7AA /* HistorialMedicoViewController.swift */; };
		B64A358F1E4E4B8600B8E7AA /* FichaMedicaViewController.swift in Sources */ = {isa = PBXBuildFile; fileRef = B64A358E1E4E4B8600B8E7AA /* FichaMedicaViewController.swift */; };
		B64A35911E4E4BEA00B8E7AA /* MapViewController.swift in Sources */ = {isa = PBXBuildFile; fileRef = B64A35901E4E4BEA00B8E7AA /* MapViewController.swift */; };
		B64A35931E4E733E00B8E7AA /* RewardsViewController.swift in Sources */ = {isa = PBXBuildFile; fileRef = B64A35921E4E733E00B8E7AA /* RewardsViewController.swift */; };
		B64A35951E4E741500B8E7AA /* MedicamentosViewController.swift in Sources */ = {isa = PBXBuildFile; fileRef = B64A35941E4E741500B8E7AA /* MedicamentosViewController.swift */; };
		B64A35971E4E746900B8E7AA /* TratamientoViewController.swift in Sources */ = {isa = PBXBuildFile; fileRef = B64A35961E4E746900B8E7AA /* TratamientoViewController.swift */; };
		B64A35991E4E74BE00B8E7AA /* AlarmasViewController.swift in Sources */ = {isa = PBXBuildFile; fileRef = B64A35981E4E74BE00B8E7AA /* AlarmasViewController.swift */; };
		B64A359B1E4E76B000B8E7AA /* ComprasUOtroViewController.swift in Sources */ = {isa = PBXBuildFile; fileRef = B64A359A1E4E76B000B8E7AA /* ComprasUOtroViewController.swift */; };
		B64A359D1E4E775200B8E7AA /* CalendarioViewController.swift in Sources */ = {isa = PBXBuildFile; fileRef = B64A359C1E4E775200B8E7AA /* CalendarioViewController.swift */; };
		B64A35A01E4E77B400B8E7AA /* ForoViewController.swift in Sources */ = {isa = PBXBuildFile; fileRef = B64A359F1E4E77B400B8E7AA /* ForoViewController.swift */; };
		B64A35A21E4E781000B8E7AA /* GraficasViewController.swift in Sources */ = {isa = PBXBuildFile; fileRef = B64A35A11E4E781000B8E7AA /* GraficasViewController.swift */; };
		B64A35A41E4E785B00B8E7AA /* DietaViewController.swift in Sources */ = {isa = PBXBuildFile; fileRef = B64A35A31E4E785B00B8E7AA /* DietaViewController.swift */; };
		B64A35A61E4E7AF300B8E7AA /* TabBarViewController.swift in Sources */ = {isa = PBXBuildFile; fileRef = B64A35A51E4E7AF300B8E7AA /* TabBarViewController.swift */; };
		B64CDF431E550BB2003C8C7D /* EventVC.swift in Sources */ = {isa = PBXBuildFile; fileRef = B64CDF421E550BB2003C8C7D /* EventVC.swift */; };
		B64CDF451E550DE5003C8C7D /* AddEventVC.swift in Sources */ = {isa = PBXBuildFile; fileRef = B64CDF441E550DE5003C8C7D /* AddEventVC.swift */; };
		B6505A781E8C401700D8D8CE /* controladorRenglon.swift in Sources */ = {isa = PBXBuildFile; fileRef = B6505A761E8C401700D8D8CE /* controladorRenglon.swift */; };
		B6505A791E8C401700D8D8CE /* MapController.swift in Sources */ = {isa = PBXBuildFile; fileRef = B6505A771E8C401700D8D8CE /* MapController.swift */; };
		B6505A7B1E8C40E400D8D8CE /* Interface.storyboard in Resources */ = {isa = PBXBuildFile; fileRef = B6505A7A1E8C40E400D8D8CE /* Interface.storyboard */; };
		B6505A7E1E8C5CC000D8D8CE /* MarcaAuto.swift in Sources */ = {isa = PBXBuildFile; fileRef = B6505A7D1E8C5CC000D8D8CE /* MarcaAuto.swift */; };
		B653D7911E60AA65006C1702 /* BitcaorasTableViewController.swift in Sources */ = {isa = PBXBuildFile; fileRef = B653D7901E60AA65006C1702 /* BitcaorasTableViewController.swift */; };
		B68B56C91E553D9B008BCD46 /* Diabetes Monitor-50.png in Resources */ = {isa = PBXBuildFile; fileRef = B68B56C81E553D9B008BCD46 /* Diabetes Monitor-50.png */; };
		B68B56CB1E55487A008BCD46 /* Map Marker-50.png in Resources */ = {isa = PBXBuildFile; fileRef = B68B56CA1E55487A008BCD46 /* Map Marker-50.png */; };
		B69054301E65F9520045FC77 /* DesgloceTableViewController.swift in Sources */ = {isa = PBXBuildFile; fileRef = B690542F1E65F9520045FC77 /* DesgloceTableViewController.swift */; };
		B69C4E591E6F2DBC00297E07 /* Alimentacion2TableViewController.swift in Sources */ = {isa = PBXBuildFile; fileRef = B69C4E581E6F2DBC00297E07 /* Alimentacion2TableViewController.swift */; };
		B6BCBB831E676A3F002C1669 /* MedicosTableViewController.swift in Sources */ = {isa = PBXBuildFile; fileRef = B6BCBB821E676A3F002C1669 /* MedicosTableViewController.swift */; };
		B6BCBB851E676F39002C1669 /* DetailMedicoViewController.swift in Sources */ = {isa = PBXBuildFile; fileRef = B6BCBB841E676F39002C1669 /* DetailMedicoViewController.swift */; };
		B6CCB5FA1E8CA71E0053E7D4 /* MyRowController.swift in Sources */ = {isa = PBXBuildFile; fileRef = B6CCB5F91E8CA71E0053E7D4 /* MyRowController.swift */; };
		B6CCB5FC1E8CA72D0053E7D4 /* CalendarioInterfaceController.swift in Sources */ = {isa = PBXBuildFile; fileRef = B6CCB5FB1E8CA72D0053E7D4 /* CalendarioInterfaceController.swift */; };
		B6CCB6091E8CAB310053E7D4 /* Contents.json in Resources */ = {isa = PBXBuildFile; fileRef = B6CCB6001E8CAB310053E7D4 /* Contents.json */; };
		B6CCB60A1E8CAB310053E7D4 /* Icon-24@2x.png in Resources */ = {isa = PBXBuildFile; fileRef = B6CCB6011E8CAB310053E7D4 /* Icon-24@2x.png */; };
		B6CCB60B1E8CAB310053E7D4 /* Icon-27.5@2x.png in Resources */ = {isa = PBXBuildFile; fileRef = B6CCB6021E8CAB310053E7D4 /* Icon-27.5@2x.png */; };
		B6CCB60C1E8CAB310053E7D4 /* Icon-29@2x.png in Resources */ = {isa = PBXBuildFile; fileRef = B6CCB6031E8CAB310053E7D4 /* Icon-29@2x.png */; };
		B6CCB60D1E8CAB310053E7D4 /* Icon-29@3x.png in Resources */ = {isa = PBXBuildFile; fileRef = B6CCB6041E8CAB310053E7D4 /* Icon-29@3x.png */; };
		B6CCB60E1E8CAB310053E7D4 /* Icon-40@2x.png in Resources */ = {isa = PBXBuildFile; fileRef = B6CCB6051E8CAB310053E7D4 /* Icon-40@2x.png */; };
		B6CCB60F1E8CAB310053E7D4 /* Icon-44@2x.png in Resources */ = {isa = PBXBuildFile; fileRef = B6CCB6061E8CAB310053E7D4 /* Icon-44@2x.png */; };
		B6CCB6101E8CAB310053E7D4 /* Icon-86@2x.png in Resources */ = {isa = PBXBuildFile; fileRef = B6CCB6071E8CAB310053E7D4 /* Icon-86@2x.png */; };
		B6CCB6111E8CAB310053E7D4 /* Icon-98@2x.png in Resources */ = {isa = PBXBuildFile; fileRef = B6CCB6081E8CAB310053E7D4 /* Icon-98@2x.png */; };
		B6CCB6131E8CAE6B0053E7D4 /* juanjo_junoy_conferencia_campana_th.png in Resources */ = {isa = PBXBuildFile; fileRef = B6CCB6121E8CAE6B0053E7D4 /* juanjo_junoy_conferencia_campana_th.png */; };
		B6CCB6281E8CB57B0053E7D4 /* Charts.framework in Frameworks */ = {isa = PBXBuildFile; fileRef = B6CCB6221E8CB5180053E7D4 /* Charts.framework */; };
		B6CCB6291E8CB57B0053E7D4 /* Realm.framework in Frameworks */ = {isa = PBXBuildFile; fileRef = B6CCB6231E8CB5180053E7D4 /* Realm.framework */; };
		B6CCB62A1E8CB57B0053E7D4 /* RealmSwift.framework in Frameworks */ = {isa = PBXBuildFile; fileRef = B6CCB6241E8CB5180053E7D4 /* RealmSwift.framework */; };
		B6D32A7C1E8469DC0005660C /* Assets.xcassets in Resources */ = {isa = PBXBuildFile; fileRef = B6D32A7B1E8469DC0005660C /* Assets.xcassets */; };
		B6D32A831E8469DC0005660C /* WatchDiappetes Extension.appex in Embed App Extensions */ = {isa = PBXBuildFile; fileRef = B6D32A821E8469DC0005660C /* WatchDiappetes Extension.appex */; settings = {ATTRIBUTES = (RemoveHeadersOnCopy, ); }; };
		B6D32A8A1E8469DC0005660C /* InterfaceController.swift in Sources */ = {isa = PBXBuildFile; fileRef = B6D32A891E8469DC0005660C /* InterfaceController.swift */; };
		B6D32A8C1E8469DC0005660C /* ExtensionDelegate.swift in Sources */ = {isa = PBXBuildFile; fileRef = B6D32A8B1E8469DC0005660C /* ExtensionDelegate.swift */; };
		B6D32A8E1E8469DC0005660C /* NotificationController.swift in Sources */ = {isa = PBXBuildFile; fileRef = B6D32A8D1E8469DC0005660C /* NotificationController.swift */; };
		B6D32A901E8469DC0005660C /* Assets.xcassets in Resources */ = {isa = PBXBuildFile; fileRef = B6D32A8F1E8469DC0005660C /* Assets.xcassets */; };
		B6D32A941E8469DC0005660C /* WatchDiappetes.app in Embed Watch Content */ = {isa = PBXBuildFile; fileRef = B6D32A761E8469DC0005660C /* WatchDiappetes.app */; };
		B6D4E0A31E5E8DD2006137C1 /* SignosVitalesViewController.swift in Sources */ = {isa = PBXBuildFile; fileRef = B6D4E0A21E5E8DD2006137C1 /* SignosVitalesViewController.swift */; };
		B6D4E0A71E5E9F07006137C1 /* MenuSettingsTableViewController.swift in Sources */ = {isa = PBXBuildFile; fileRef = B6D4E0A61E5E9F07006137C1 /* MenuSettingsTableViewController.swift */; };
		B6D6B3531E4E3F870010BC75 /* fondo4.png in Resources */ = {isa = PBXBuildFile; fileRef = B6D6B3521E4E3F870010BC75 /* fondo4.png */; };
		B6E95E391E81995F00BECDA4 /* Graficas2ViewController.swift in Sources */ = {isa = PBXBuildFile; fileRef = B6E95E381E81995F00BECDA4 /* Graficas2ViewController.swift */; };
		B6E95E3B1E819C7400BECDA4 /* CountCalorias.swift in Sources */ = {isa = PBXBuildFile; fileRef = B6E95E3A1E819C7400BECDA4 /* CountCalorias.swift */; };
/* End PBXBuildFile section */

/* Begin PBXContainerItemProxy section */
		B6D32A841E8469DC0005660C /* PBXContainerItemProxy */ = {
			isa = PBXContainerItemProxy;
			containerPortal = 81BA813D1A49DA1800E65899 /* Project object */;
			proxyType = 1;
			remoteGlobalIDString = B6D32A811E8469DC0005660C;
			remoteInfo = "WatchDiappetes Extension";
		};
		B6D32A921E8469DC0005660C /* PBXContainerItemProxy */ = {
			isa = PBXContainerItemProxy;
			containerPortal = 81BA813D1A49DA1800E65899 /* Project object */;
			proxyType = 1;
			remoteGlobalIDString = B6D32A751E8469DC0005660C;
			remoteInfo = WatchDiappetes;
		};
/* End PBXContainerItemProxy section */

/* Begin PBXCopyFilesBuildPhase section */
		B6D32A9A1E8469DC0005660C /* Embed App Extensions */ = {
			isa = PBXCopyFilesBuildPhase;
			buildActionMask = 2147483647;
			dstPath = "";
			dstSubfolderSpec = 13;
			files = (
				B6D32A831E8469DC0005660C /* WatchDiappetes Extension.appex in Embed App Extensions */,
			);
			name = "Embed App Extensions";
			runOnlyForDeploymentPostprocessing = 0;
		};
		B6D32A9C1E8469DC0005660C /* Embed Watch Content */ = {
			isa = PBXCopyFilesBuildPhase;
			buildActionMask = 2147483647;
			dstPath = "$(CONTENTS_FOLDER_PATH)/Watch";
			dstSubfolderSpec = 16;
			files = (
				B6D32A941E8469DC0005660C /* WatchDiappetes.app in Embed Watch Content */,
			);
			name = "Embed Watch Content";
			runOnlyForDeploymentPostprocessing = 0;
		};
/* End PBXCopyFilesBuildPhase section */

/* Begin PBXFileReference section */
		814C3AC81B69877600E307BB /* Images.xcassets */ = {isa = PBXFileReference; lastKnownFileType = folder.assetcatalog; path = Images.xcassets; sourceTree = "<group>"; };
		814C3AC91B69877600E307BB /* Info.plist */ = {isa = PBXFileReference; fileEncoding = 4; lastKnownFileType = text.plist.xml; path = Info.plist; sourceTree = "<group>"; };
		81BA81451A49DA1800E65899 /* Diappetes.app */ = {isa = PBXFileReference; explicitFileType = wrapper.application; includeInIndex = 0; path = Diappetes.app; sourceTree = BUILT_PRODUCTS_DIR; };
		81BA814A1A49DA1800E65899 /* AppDelegate.swift */ = {isa = PBXFileReference; lastKnownFileType = sourcecode.swift; path = AppDelegate.swift; sourceTree = "<group>"; };
		81BA814C1A49DA1800E65899 /* ViewController.swift */ = {isa = PBXFileReference; lastKnownFileType = sourcecode.swift; path = ViewController.swift; sourceTree = "<group>"; };
		81BA816B1A49DB6800E65899 /* Bolts.framework */ = {isa = PBXFileReference; lastKnownFileType = wrapper.framework; path = Bolts.framework; sourceTree = "<group>"; };
		81BA816C1A49DB6800E65899 /* Parse.framework */ = {isa = PBXFileReference; lastKnownFileType = wrapper.framework; path = Parse.framework; sourceTree = "<group>"; };
		81BA816E1A49DB6800E65899 /* ParseFacebookUtils.framework */ = {isa = PBXFileReference; lastKnownFileType = wrapper.framework; path = ParseFacebookUtils.framework; sourceTree = "<group>"; };
		81BA81761A49E0D500E65899 /* libsqlite3.dylib */ = {isa = PBXFileReference; lastKnownFileType = "compiled.mach-o.dylib"; name = libsqlite3.dylib; path = usr/lib/libsqlite3.dylib; sourceTree = SDKROOT; };
		81BA81781A49E0DB00E65899 /* AudioToolbox.framework */ = {isa = PBXFileReference; lastKnownFileType = wrapper.framework; name = AudioToolbox.framework; path = System/Library/Frameworks/AudioToolbox.framework; sourceTree = SDKROOT; };
		81BA817A1A49E0E500E65899 /* SystemConfiguration.framework */ = {isa = PBXFileReference; lastKnownFileType = wrapper.framework; name = SystemConfiguration.framework; path = System/Library/Frameworks/SystemConfiguration.framework; sourceTree = SDKROOT; };
		81BA817E1A49E0F000E65899 /* libstdc++.6.dylib */ = {isa = PBXFileReference; lastKnownFileType = "compiled.mach-o.dylib"; name = "libstdc++.6.dylib"; path = "usr/lib/libstdc++.6.dylib"; sourceTree = SDKROOT; };
		81BA81801A49E10C00E65899 /* ParseUI.framework */ = {isa = PBXFileReference; lastKnownFileType = wrapper.framework; path = ParseUI.framework; sourceTree = "<group>"; };
		842117741D16EA63005ED9FA /* Image_3.png */ = {isa = PBXFileReference; lastKnownFileType = image.png; path = Image_3.png; sourceTree = "<group>"; };
		844D4E021D120DA70098C0C1 /* TableViewController.swift */ = {isa = PBXFileReference; fileEncoding = 4; lastKnownFileType = sourcecode.swift; path = TableViewController.swift; sourceTree = "<group>"; };
		844D4E041D120DF30098C0C1 /* Main.storyboard */ = {isa = PBXFileReference; fileEncoding = 4; lastKnownFileType = file.storyboard; path = Main.storyboard; sourceTree = "<group>"; };
		844D4E061D1214C00098C0C1 /* ParseCrashReporting.framework */ = {isa = PBXFileReference; lastKnownFileType = wrapper.framework; path = ParseCrashReporting.framework; sourceTree = "<group>"; };
		844D4E101D12184D0098C0C1 /* Man_Woman_Avatar-512.png */ = {isa = PBXFileReference; lastKnownFileType = image.png; path = "Man_Woman_Avatar-512.png"; sourceTree = "<group>"; };
		844D4E161D122AAF0098C0C1 /* FeedTableViewController.swift */ = {isa = PBXFileReference; fileEncoding = 4; lastKnownFileType = sourcecode.swift; path = FeedTableViewController.swift; sourceTree = "<group>"; };
		8492419C1D18902F0008696C /* GlucosaViewController.swift */ = {isa = PBXFileReference; fileEncoding = 4; lastKnownFileType = sourcecode.swift; path = GlucosaViewController.swift; sourceTree = "<group>"; };
		8492419E1D18AA5C0008696C /* ConsultaViewController.swift */ = {isa = PBXFileReference; fileEncoding = 4; lastKnownFileType = sourcecode.swift; path = ConsultaViewController.swift; sourceTree = "<group>"; };
		849241A01D18B5FC0008696C /* TipsViewController.swift */ = {isa = PBXFileReference; fileEncoding = 4; lastKnownFileType = sourcecode.swift; path = TipsViewController.swift; sourceTree = "<group>"; };
		849241A21D18CA9A0008696C /* FacebookViewController.swift */ = {isa = PBXFileReference; fileEncoding = 4; lastKnownFileType = sourcecode.swift; path = FacebookViewController.swift; sourceTree = "<group>"; };
		849241A41D18CC210008696C /* AlimentosViewController.swift */ = {isa = PBXFileReference; fileEncoding = 4; lastKnownFileType = sourcecode.swift; path = AlimentosViewController.swift; sourceTree = "<group>"; };
		849429C21D18EB1500AFE68C /* MenuViewController.swift */ = {isa = PBXFileReference; fileEncoding = 4; lastKnownFileType = sourcecode.swift; path = MenuViewController.swift; sourceTree = "<group>"; };
		84DF5D731D176D97004ED18F /* Captura de pantalla 2016-06-19 a las 7.15.28 p.m..png */ = {isa = PBXFileReference; lastKnownFileType = image.png; path = "Captura de pantalla 2016-06-19 a las 7.15.28 p.m..png"; sourceTree = "<group>"; };
		84DF5DA01D17AF91004ED18F /* PostImageViewController.swift */ = {isa = PBXFileReference; fileEncoding = 4; lastKnownFileType = sourcecode.swift; path = PostImageViewController.swift; sourceTree = "<group>"; };
		84DF5DA21D17AF9F004ED18F /* cell.swift */ = {isa = PBXFileReference; fileEncoding = 4; lastKnownFileType = sourcecode.swift; path = cell.swift; sourceTree = "<group>"; };
		A61ED7DA923DEC82F506F5E3 /* Pods_Diappetes.framework */ = {isa = PBXFileReference; explicitFileType = wrapper.framework; includeInIndex = 0; path = Pods_Diappetes.framework; sourceTree = BUILT_PRODUCTS_DIR; };
		B6046E261E8DA7830045BB8F /* DetalleControladorInterfaceController.swift */ = {isa = PBXFileReference; fileEncoding = 4; lastKnownFileType = sourcecode.swift; name = DetalleControladorInterfaceController.swift; path = ../../../../Downloads/hjeje/DetalleControladorInterfaceController.swift; sourceTree = "<group>"; };
		B633FD1F1E8CCC07008774F4 /* mapas.json */ = {isa = PBXFileReference; fileEncoding = 4; lastKnownFileType = text.json; name = mapas.json; path = ../../../../Downloads/mapas.json; sourceTree = "<group>"; };
		B635EB4D1E551BD000D9D611 /* Contents.json */ = {isa = PBXFileReference; fileEncoding = 4; lastKnownFileType = text.json; path = Contents.json; sourceTree = "<group>"; };
		B635EB4E1E551BD000D9D611 /* Icon-App-20x20@1x.png */ = {isa = PBXFileReference; lastKnownFileType = image.png; path = "Icon-App-20x20@1x.png"; sourceTree = "<group>"; };
		B635EB4F1E551BD000D9D611 /* Icon-App-20x20@2x.png */ = {isa = PBXFileReference; lastKnownFileType = image.png; path = "Icon-App-20x20@2x.png"; sourceTree = "<group>"; };
		B635EB501E551BD000D9D611 /* Icon-App-20x20@3x.png */ = {isa = PBXFileReference; lastKnownFileType = image.png; path = "Icon-App-20x20@3x.png"; sourceTree = "<group>"; };
		B635EB511E551BD000D9D611 /* Icon-App-29x29@1x.png */ = {isa = PBXFileReference; lastKnownFileType = image.png; path = "Icon-App-29x29@1x.png"; sourceTree = "<group>"; };
		B635EB521E551BD000D9D611 /* Icon-App-29x29@2x.png */ = {isa = PBXFileReference; lastKnownFileType = image.png; path = "Icon-App-29x29@2x.png"; sourceTree = "<group>"; };
		B635EB531E551BD000D9D611 /* Icon-App-29x29@3x.png */ = {isa = PBXFileReference; lastKnownFileType = image.png; path = "Icon-App-29x29@3x.png"; sourceTree = "<group>"; };
		B635EB541E551BD000D9D611 /* Icon-App-40x40@1x.png */ = {isa = PBXFileReference; lastKnownFileType = image.png; path = "Icon-App-40x40@1x.png"; sourceTree = "<group>"; };
		B635EB551E551BD000D9D611 /* Icon-App-40x40@2x.png */ = {isa = PBXFileReference; lastKnownFileType = image.png; path = "Icon-App-40x40@2x.png"; sourceTree = "<group>"; };
		B635EB561E551BD000D9D611 /* Icon-App-40x40@3x.png */ = {isa = PBXFileReference; lastKnownFileType = image.png; path = "Icon-App-40x40@3x.png"; sourceTree = "<group>"; };
		B635EB571E551BD000D9D611 /* Icon-App-57x57@1x.png */ = {isa = PBXFileReference; lastKnownFileType = image.png; path = "Icon-App-57x57@1x.png"; sourceTree = "<group>"; };
		B635EB581E551BD000D9D611 /* Icon-App-57x57@2x.png */ = {isa = PBXFileReference; lastKnownFileType = image.png; path = "Icon-App-57x57@2x.png"; sourceTree = "<group>"; };
		B635EB591E551BD000D9D611 /* Icon-App-60x60@1x.png */ = {isa = PBXFileReference; lastKnownFileType = image.png; path = "Icon-App-60x60@1x.png"; sourceTree = "<group>"; };
		B635EB5A1E551BD000D9D611 /* Icon-App-60x60@2x.png */ = {isa = PBXFileReference; lastKnownFileType = image.png; path = "Icon-App-60x60@2x.png"; sourceTree = "<group>"; };
		B635EB5B1E551BD000D9D611 /* Icon-App-60x60@3x.png */ = {isa = PBXFileReference; lastKnownFileType = image.png; path = "Icon-App-60x60@3x.png"; sourceTree = "<group>"; };
		B635EB5C1E551BD000D9D611 /* Icon-App-72x72@1x.png */ = {isa = PBXFileReference; lastKnownFileType = image.png; path = "Icon-App-72x72@1x.png"; sourceTree = "<group>"; };
		B635EB5D1E551BD000D9D611 /* Icon-App-72x72@2x.png */ = {isa = PBXFileReference; lastKnownFileType = image.png; path = "Icon-App-72x72@2x.png"; sourceTree = "<group>"; };
		B635EB5E1E551BD000D9D611 /* Icon-App-76x76@1x.png */ = {isa = PBXFileReference; lastKnownFileType = image.png; path = "Icon-App-76x76@1x.png"; sourceTree = "<group>"; };
		B635EB5F1E551BD000D9D611 /* Icon-App-76x76@2x.png */ = {isa = PBXFileReference; lastKnownFileType = image.png; path = "Icon-App-76x76@2x.png"; sourceTree = "<group>"; };
		B635EB601E551BD000D9D611 /* Icon-App-76x76@3x.png */ = {isa = PBXFileReference; lastKnownFileType = image.png; path = "Icon-App-76x76@3x.png"; sourceTree = "<group>"; };
		B635EB611E551BD000D9D611 /* Icon-App-83.5x83.5@2x.png */ = {isa = PBXFileReference; lastKnownFileType = image.png; path = "Icon-App-83.5x83.5@2x.png"; sourceTree = "<group>"; };
		B635EB621E551BD000D9D611 /* Icon-Small-50x50@1x.png */ = {isa = PBXFileReference; lastKnownFileType = image.png; path = "Icon-Small-50x50@1x.png"; sourceTree = "<group>"; };
		B635EB631E551BD000D9D611 /* Icon-Small-50x50@2x.png */ = {isa = PBXFileReference; lastKnownFileType = image.png; path = "Icon-Small-50x50@2x.png"; sourceTree = "<group>"; };
		B635EB811E551DAE00D9D611 /* Treatment Plan-50.png */ = {isa = PBXFileReference; lastKnownFileType = image.png; name = "Treatment Plan-50.png"; path = "icons/Treatment Plan-50.png"; sourceTree = "<group>"; };
		B635EB831E551DC000D9D611 /* Chat Filled-50.png */ = {isa = PBXFileReference; lastKnownFileType = image.png; name = "Chat Filled-50.png"; path = "Resources/icons/Chat Filled-50.png"; sourceTree = SOURCE_ROOT; };
		B64934041E4D1BA000FBE007 /* Menu-501.png */ = {isa = PBXFileReference; lastKnownFileType = image.png; name = "Menu-501.png"; path = "Resources/icons/Menu-501.png"; sourceTree = SOURCE_ROOT; };
		B64934061E4D1BAE00FBE007 /* Line Chart Filled-25.png */ = {isa = PBXFileReference; lastKnownFileType = image.png; name = "Line Chart Filled-25.png"; path = "Resources/icons/Line Chart Filled-25.png"; sourceTree = SOURCE_ROOT; };
		B64934071E4D1BAE00FBE007 /* Facebook Filled-25.png */ = {isa = PBXFileReference; lastKnownFileType = image.png; name = "Facebook Filled-25.png"; path = "Resources/icons/Facebook Filled-25.png"; sourceTree = SOURCE_ROOT; };
		B64934081E4D1BAE00FBE007 /* Alarm Clock-25.png */ = {isa = PBXFileReference; lastKnownFileType = image.png; name = "Alarm Clock-25.png"; path = "Resources/icons/Alarm Clock-25.png"; sourceTree = SOURCE_ROOT; };
		B64934091E4D1BAE00FBE007 /* Add Shopping Cart-50.png */ = {isa = PBXFileReference; lastKnownFileType = image.png; name = "Add Shopping Cart-50.png"; path = "Resources/icons/Add Shopping Cart-50.png"; sourceTree = SOURCE_ROOT; };
		B649340A1E4D1BAE00FBE007 /* Info-50.png */ = {isa = PBXFileReference; lastKnownFileType = image.png; name = "Info-50.png"; path = "Resources/icons/Info-50.png"; sourceTree = SOURCE_ROOT; };
		B649340B1E4D1BAE00FBE007 /* Christmas Star Filled-25.png */ = {isa = PBXFileReference; lastKnownFileType = image.png; name = "Christmas Star Filled-25.png"; path = "Resources/icons/Christmas Star Filled-25.png"; sourceTree = SOURCE_ROOT; };
		B649340C1E4D1BAE00FBE007 /* Treatment Plan-25.png */ = {isa = PBXFileReference; lastKnownFileType = image.png; name = "Treatment Plan-25.png"; path = "Resources/icons/Treatment Plan-25.png"; sourceTree = SOURCE_ROOT; };
		B649340D1E4D1BAE00FBE007 /* Chat Filled-25.png */ = {isa = PBXFileReference; lastKnownFileType = image.png; name = "Chat Filled-25.png"; path = "Resources/icons/Chat Filled-25.png"; sourceTree = SOURCE_ROOT; };
		B649340E1E4D1BAE00FBE007 /* Health Book-25.png */ = {isa = PBXFileReference; lastKnownFileType = image.png; name = "Health Book-25.png"; path = "Resources/icons/Health Book-25.png"; sourceTree = SOURCE_ROOT; };
		B649340F1E4D1BAE00FBE007 /* Caloric Energy-50.png */ = {isa = PBXFileReference; lastKnownFileType = image.png; name = "Caloric Energy-50.png"; path = "Resources/icons/Caloric Energy-50.png"; sourceTree = SOURCE_ROOT; };
		B64934101E4D1BAE00FBE007 /* Add Rule-50.png */ = {isa = PBXFileReference; lastKnownFileType = image.png; name = "Add Rule-50.png"; path = "Resources/icons/Add Rule-50.png"; sourceTree = SOURCE_ROOT; };
		B64934111E4D1BAE00FBE007 /* Diabetes-50.png */ = {isa = PBXFileReference; lastKnownFileType = image.png; name = "Diabetes-50.png"; path = "Resources/icons/Diabetes-50.png"; sourceTree = SOURCE_ROOT; };
		B64934121E4D1BAE00FBE007 /* Medical Doctor-50.png */ = {isa = PBXFileReference; lastKnownFileType = image.png; name = "Medical Doctor-50.png"; path = "Resources/icons/Medical Doctor-50.png"; sourceTree = SOURCE_ROOT; };
		B64934131E4D1BAE00FBE007 /* Heart Monitor-50.png */ = {isa = PBXFileReference; lastKnownFileType = image.png; name = "Heart Monitor-50.png"; path = "Resources/icons/Heart Monitor-50.png"; sourceTree = SOURCE_ROOT; };
		B64934141E4D1BAE00FBE007 /* AED-50.png */ = {isa = PBXFileReference; lastKnownFileType = image.png; name = "AED-50.png"; path = "Resources/icons/AED-50.png"; sourceTree = SOURCE_ROOT; };
		B64934151E4D1BAE00FBE007 /* Pill-50.png */ = {isa = PBXFileReference; lastKnownFileType = image.png; name = "Pill-50.png"; path = "Resources/icons/Pill-50.png"; sourceTree = SOURCE_ROOT; };
		B64934161E4D1BAE00FBE007 /* Doctors Bag-50.png */ = {isa = PBXFileReference; lastKnownFileType = image.png; name = "Doctors Bag-50.png"; path = "Resources/icons/Doctors Bag-50.png"; sourceTree = SOURCE_ROOT; };
		B64934171E4D1BAE00FBE007 /* Area Chart-501.png */ = {isa = PBXFileReference; lastKnownFileType = image.png; name = "Area Chart-501.png"; path = "Resources/icons/Area Chart-501.png"; sourceTree = SOURCE_ROOT; };
		B649342A1E4D1BCE00FBE007 /* insulina.png */ = {isa = PBXFileReference; lastKnownFileType = image.png; name = insulina.png; path = Resources/insulina.png; sourceTree = SOURCE_ROOT; };
		B649342B1E4D1BCE00FBE007 /* FAQ-512.png */ = {isa = PBXFileReference; lastKnownFileType = image.png; name = "FAQ-512.png"; path = "Resources/FAQ-512.png"; sourceTree = SOURCE_ROOT; };
		B649342C1E4D1BCE00FBE007 /* historialMedico.png */ = {isa = PBXFileReference; lastKnownFileType = image.png; name = historialMedico.png; path = Resources/historialMedico.png; sourceTree = SOURCE_ROOT; };
		B649342D1E4D1BCE00FBE007 /* calendario.png */ = {isa = PBXFileReference; lastKnownFileType = image.png; name = calendario.png; path = Resources/calendario.png; sourceTree = SOURCE_ROOT; };
		B649342E1E4D1BCE00FBE007 /* alimentos.png */ = {isa = PBXFileReference; lastKnownFileType = image.png; name = alimentos.png; path = Resources/alimentos.png; sourceTree = SOURCE_ROOT; };
		B649342F1E4D1BCE00FBE007 /* tips.png */ = {isa = PBXFileReference; lastKnownFileType = image.png; name = tips.png; path = Resources/tips.png; sourceTree = SOURCE_ROOT; };
		B64934301E4D1BCE00FBE007 /* iOS-7-Wallpaper-2-577x1024.png */ = {isa = PBXFileReference; lastKnownFileType = image.png; name = "iOS-7-Wallpaper-2-577x1024.png"; path = "Resources/iOS-7-Wallpaper-2-577x1024.png"; sourceTree = SOURCE_ROOT; };
		B64934311E4D1BCE00FBE007 /* fondos-de-pantalla-de-iOS-9-11.jpg */ = {isa = PBXFileReference; lastKnownFileType = image.jpeg; name = "fondos-de-pantalla-de-iOS-9-11.jpg"; path = "Resources/fondos-de-pantalla-de-iOS-9-11.jpg"; sourceTree = SOURCE_ROOT; };
		B649343A1E4D1C2F00FBE007 /* rounded-512.png */ = {isa = PBXFileReference; lastKnownFileType = image.png; name = "rounded-512.png"; path = "ParseStarterProject/rounded-512.png"; sourceTree = SOURCE_ROOT; };
		B649344F1E4D24E500FBE007 /* fondonaranja.jpg */ = {isa = PBXFileReference; lastKnownFileType = image.jpeg; name = fondonaranja.jpg; path = Resources/fondonaranja.jpg; sourceTree = SOURCE_ROOT; };
		B64934501E4D24E500FBE007 /* fondoazul.jpg */ = {isa = PBXFileReference; lastKnownFileType = image.jpeg; name = fondoazul.jpg; path = Resources/fondoazul.jpg; sourceTree = SOURCE_ROOT; };
		B64934511E4D24E500FBE007 /* fondomorado.jpg */ = {isa = PBXFileReference; lastKnownFileType = image.jpeg; name = fondomorado.jpg; path = Resources/fondomorado.jpg; sourceTree = SOURCE_ROOT; };
		B64934551E4D266100FBE007 /* fondo2.jpg */ = {isa = PBXFileReference; lastKnownFileType = image.jpeg; name = fondo2.jpg; path = Resources/fondo2.jpg; sourceTree = SOURCE_ROOT; };
		B64934571E4D28C900FBE007 /* fondo.jpg */ = {isa = PBXFileReference; lastKnownFileType = image.jpeg; name = fondo.jpg; path = Resources/fondo.jpg; sourceTree = SOURCE_ROOT; };
		B64A358C1E4E4AC000B8E7AA /* HistorialMedicoViewController.swift */ = {isa = PBXFileReference; fileEncoding = 4; lastKnownFileType = sourcecode.swift; path = HistorialMedicoViewController.swift; sourceTree = "<group>"; };
		B64A358E1E4E4B8600B8E7AA /* FichaMedicaViewController.swift */ = {isa = PBXFileReference; fileEncoding = 4; lastKnownFileType = sourcecode.swift; path = FichaMedicaViewController.swift; sourceTree = "<group>"; };
		B64A35901E4E4BEA00B8E7AA /* MapViewController.swift */ = {isa = PBXFileReference; fileEncoding = 4; lastKnownFileType = sourcecode.swift; path = MapViewController.swift; sourceTree = "<group>"; };
		B64A35921E4E733E00B8E7AA /* RewardsViewController.swift */ = {isa = PBXFileReference; fileEncoding = 4; lastKnownFileType = sourcecode.swift; path = RewardsViewController.swift; sourceTree = "<group>"; };
		B64A35941E4E741500B8E7AA /* MedicamentosViewController.swift */ = {isa = PBXFileReference; fileEncoding = 4; lastKnownFileType = sourcecode.swift; path = MedicamentosViewController.swift; sourceTree = "<group>"; };
		B64A35961E4E746900B8E7AA /* TratamientoViewController.swift */ = {isa = PBXFileReference; fileEncoding = 4; lastKnownFileType = sourcecode.swift; path = TratamientoViewController.swift; sourceTree = "<group>"; };
		B64A35981E4E74BE00B8E7AA /* AlarmasViewController.swift */ = {isa = PBXFileReference; fileEncoding = 4; lastKnownFileType = sourcecode.swift; path = AlarmasViewController.swift; sourceTree = "<group>"; };
		B64A359A1E4E76B000B8E7AA /* ComprasUOtroViewController.swift */ = {isa = PBXFileReference; fileEncoding = 4; lastKnownFileType = sourcecode.swift; path = ComprasUOtroViewController.swift; sourceTree = "<group>"; };
		B64A359C1E4E775200B8E7AA /* CalendarioViewController.swift */ = {isa = PBXFileReference; fileEncoding = 4; lastKnownFileType = sourcecode.swift; path = CalendarioViewController.swift; sourceTree = "<group>"; };
		B64A359F1E4E77B400B8E7AA /* ForoViewController.swift */ = {isa = PBXFileReference; fileEncoding = 4; lastKnownFileType = sourcecode.swift; path = ForoViewController.swift; sourceTree = "<group>"; };
		B64A35A11E4E781000B8E7AA /* GraficasViewController.swift */ = {isa = PBXFileReference; fileEncoding = 4; lastKnownFileType = sourcecode.swift; path = GraficasViewController.swift; sourceTree = "<group>"; };
		B64A35A31E4E785B00B8E7AA /* DietaViewController.swift */ = {isa = PBXFileReference; fileEncoding = 4; lastKnownFileType = sourcecode.swift; path = DietaViewController.swift; sourceTree = "<group>"; };
		B64A35A51E4E7AF300B8E7AA /* TabBarViewController.swift */ = {isa = PBXFileReference; fileEncoding = 4; lastKnownFileType = sourcecode.swift; path = TabBarViewController.swift; sourceTree = "<group>"; };
		B64CDF421E550BB2003C8C7D /* EventVC.swift */ = {isa = PBXFileReference; fileEncoding = 4; lastKnownFileType = sourcecode.swift; path = EventVC.swift; sourceTree = "<group>"; };
		B64CDF441E550DE5003C8C7D /* AddEventVC.swift */ = {isa = PBXFileReference; fileEncoding = 4; lastKnownFileType = sourcecode.swift; path = AddEventVC.swift; sourceTree = "<group>"; };
		B6505A761E8C401700D8D8CE /* controladorRenglon.swift */ = {isa = PBXFileReference; fileEncoding = 4; lastKnownFileType = sourcecode.swift; path = controladorRenglon.swift; sourceTree = "<group>"; };
		B6505A771E8C401700D8D8CE /* MapController.swift */ = {isa = PBXFileReference; fileEncoding = 4; lastKnownFileType = sourcecode.swift; path = MapController.swift; sourceTree = "<group>"; };
		B6505A7A1E8C40E400D8D8CE /* Interface.storyboard */ = {isa = PBXFileReference; fileEncoding = 4; lastKnownFileType = file.storyboard; path = Interface.storyboard; sourceTree = "<group>"; };
		B6505A7D1E8C5CC000D8D8CE /* MarcaAuto.swift */ = {isa = PBXFileReference; fileEncoding = 4; lastKnownFileType = sourcecode.swift; path = MarcaAuto.swift; sourceTree = "<group>"; };
		B653D7901E60AA65006C1702 /* BitcaorasTableViewController.swift */ = {isa = PBXFileReference; fileEncoding = 4; lastKnownFileType = sourcecode.swift; path = BitcaorasTableViewController.swift; sourceTree = "<group>"; };
		B68B56C81E553D9B008BCD46 /* Diabetes Monitor-50.png */ = {isa = PBXFileReference; lastKnownFileType = image.png; name = "Diabetes Monitor-50.png"; path = "Resources/Diabetes Monitor-50.png"; sourceTree = SOURCE_ROOT; };
		B68B56CA1E55487A008BCD46 /* Map Marker-50.png */ = {isa = PBXFileReference; lastKnownFileType = image.png; name = "Map Marker-50.png"; path = "Resources/Map Marker-50.png"; sourceTree = SOURCE_ROOT; };
		B690542F1E65F9520045FC77 /* DesgloceTableViewController.swift */ = {isa = PBXFileReference; fileEncoding = 4; lastKnownFileType = sourcecode.swift; path = DesgloceTableViewController.swift; sourceTree = "<group>"; };
		B69C4E581E6F2DBC00297E07 /* Alimentacion2TableViewController.swift */ = {isa = PBXFileReference; fileEncoding = 4; lastKnownFileType = sourcecode.swift; path = Alimentacion2TableViewController.swift; sourceTree = "<group>"; };
		B6BCBB821E676A3F002C1669 /* MedicosTableViewController.swift */ = {isa = PBXFileReference; fileEncoding = 4; lastKnownFileType = sourcecode.swift; path = MedicosTableViewController.swift; sourceTree = "<group>"; };
		B6BCBB841E676F39002C1669 /* DetailMedicoViewController.swift */ = {isa = PBXFileReference; fileEncoding = 4; lastKnownFileType = sourcecode.swift; path = DetailMedicoViewController.swift; sourceTree = "<group>"; };
		B6CCB5F91E8CA71E0053E7D4 /* MyRowController.swift */ = {isa = PBXFileReference; fileEncoding = 4; lastKnownFileType = sourcecode.swift; path = MyRowController.swift; sourceTree = "<group>"; };
		B6CCB5FB1E8CA72D0053E7D4 /* CalendarioInterfaceController.swift */ = {isa = PBXFileReference; fileEncoding = 4; lastKnownFileType = sourcecode.swift; path = CalendarioInterfaceController.swift; sourceTree = "<group>"; };
		B6CCB6001E8CAB310053E7D4 /* Contents.json */ = {isa = PBXFileReference; fileEncoding = 4; lastKnownFileType = text.json; path = Contents.json; sourceTree = "<group>"; };
		B6CCB6011E8CAB310053E7D4 /* Icon-24@2x.png */ = {isa = PBXFileReference; lastKnownFileType = image.png; path = "Icon-24@2x.png"; sourceTree = "<group>"; };
		B6CCB6021E8CAB310053E7D4 /* Icon-27.5@2x.png */ = {isa = PBXFileReference; lastKnownFileType = image.png; path = "Icon-27.5@2x.png"; sourceTree = "<group>"; };
		B6CCB6031E8CAB310053E7D4 /* Icon-29@2x.png */ = {isa = PBXFileReference; lastKnownFileType = image.png; path = "Icon-29@2x.png"; sourceTree = "<group>"; };
		B6CCB6041E8CAB310053E7D4 /* Icon-29@3x.png */ = {isa = PBXFileReference; lastKnownFileType = image.png; path = "Icon-29@3x.png"; sourceTree = "<group>"; };
		B6CCB6051E8CAB310053E7D4 /* Icon-40@2x.png */ = {isa = PBXFileReference; lastKnownFileType = image.png; path = "Icon-40@2x.png"; sourceTree = "<group>"; };
		B6CCB6061E8CAB310053E7D4 /* Icon-44@2x.png */ = {isa = PBXFileReference; lastKnownFileType = image.png; path = "Icon-44@2x.png"; sourceTree = "<group>"; };
		B6CCB6071E8CAB310053E7D4 /* Icon-86@2x.png */ = {isa = PBXFileReference; lastKnownFileType = image.png; path = "Icon-86@2x.png"; sourceTree = "<group>"; };
		B6CCB6081E8CAB310053E7D4 /* Icon-98@2x.png */ = {isa = PBXFileReference; lastKnownFileType = image.png; path = "Icon-98@2x.png"; sourceTree = "<group>"; };
		B6CCB6121E8CAE6B0053E7D4 /* juanjo_junoy_conferencia_campana_th.png */ = {isa = PBXFileReference; lastKnownFileType = image.png; path = juanjo_junoy_conferencia_campana_th.png; sourceTree = "<group>"; };
		B6CCB6221E8CB5180053E7D4 /* Charts.framework */ = {isa = PBXFileReference; lastKnownFileType = wrapper.framework; name = Charts.framework; path = "../../../Library/Developer/Xcode/DerivedData/Diappetes-adzbswvjxkfcyrftgdplpcrtsfbv/Build/Products/Debug-iphoneos/Charts/Charts.framework"; sourceTree = "<group>"; };
		B6CCB6231E8CB5180053E7D4 /* Realm.framework */ = {isa = PBXFileReference; lastKnownFileType = wrapper.framework; name = Realm.framework; path = "../../../Library/Developer/Xcode/DerivedData/Diappetes-adzbswvjxkfcyrftgdplpcrtsfbv/Build/Products/Debug-iphoneos/Realm/Realm.framework"; sourceTree = "<group>"; };
		B6CCB6241E8CB5180053E7D4 /* RealmSwift.framework */ = {isa = PBXFileReference; lastKnownFileType = wrapper.framework; name = RealmSwift.framework; path = "../../../Library/Developer/Xcode/DerivedData/Diappetes-adzbswvjxkfcyrftgdplpcrtsfbv/Build/Products/Debug-iphoneos/RealmSwift/RealmSwift.framework"; sourceTree = "<group>"; };
		B6D32A761E8469DC0005660C /* WatchDiappetes.app */ = {isa = PBXFileReference; explicitFileType = wrapper.application; includeInIndex = 0; path = WatchDiappetes.app; sourceTree = BUILT_PRODUCTS_DIR; };
		B6D32A7B1E8469DC0005660C /* Assets.xcassets */ = {isa = PBXFileReference; lastKnownFileType = folder.assetcatalog; path = Assets.xcassets; sourceTree = "<group>"; };
		B6D32A7D1E8469DC0005660C /* Info.plist */ = {isa = PBXFileReference; lastKnownFileType = text.plist.xml; path = Info.plist; sourceTree = "<group>"; };
		B6D32A821E8469DC0005660C /* WatchDiappetes Extension.appex */ = {isa = PBXFileReference; explicitFileType = "wrapper.app-extension"; includeInIndex = 0; path = "WatchDiappetes Extension.appex"; sourceTree = BUILT_PRODUCTS_DIR; };
		B6D32A881E8469DC0005660C /* PushNotificationPayload.apns */ = {isa = PBXFileReference; lastKnownFileType = text; path = PushNotificationPayload.apns; sourceTree = "<group>"; };
		B6D32A891E8469DC0005660C /* InterfaceController.swift */ = {isa = PBXFileReference; lastKnownFileType = sourcecode.swift; path = InterfaceController.swift; sourceTree = "<group>"; };
		B6D32A8B1E8469DC0005660C /* ExtensionDelegate.swift */ = {isa = PBXFileReference; lastKnownFileType = sourcecode.swift; path = ExtensionDelegate.swift; sourceTree = "<group>"; };
		B6D32A8D1E8469DC0005660C /* NotificationController.swift */ = {isa = PBXFileReference; lastKnownFileType = sourcecode.swift; path = NotificationController.swift; sourceTree = "<group>"; };
		B6D32A8F1E8469DC0005660C /* Assets.xcassets */ = {isa = PBXFileReference; lastKnownFileType = folder.assetcatalog; path = Assets.xcassets; sourceTree = "<group>"; };
		B6D32A911E8469DC0005660C /* Info.plist */ = {isa = PBXFileReference; lastKnownFileType = text.plist.xml; path = Info.plist; sourceTree = "<group>"; };
		B6D4E0A21E5E8DD2006137C1 /* SignosVitalesViewController.swift */ = {isa = PBXFileReference; fileEncoding = 4; lastKnownFileType = sourcecode.swift; path = SignosVitalesViewController.swift; sourceTree = "<group>"; };
		B6D4E0A61E5E9F07006137C1 /* MenuSettingsTableViewController.swift */ = {isa = PBXFileReference; fileEncoding = 4; lastKnownFileType = sourcecode.swift; path = MenuSettingsTableViewController.swift; sourceTree = "<group>"; };
		B6D6B3521E4E3F870010BC75 /* fondo4.png */ = {isa = PBXFileReference; lastKnownFileType = image.png; name = fondo4.png; path = Resources/fondo4.png; sourceTree = SOURCE_ROOT; };
		B6E95E381E81995F00BECDA4 /* Graficas2ViewController.swift */ = {isa = PBXFileReference; fileEncoding = 4; lastKnownFileType = sourcecode.swift; path = Graficas2ViewController.swift; sourceTree = "<group>"; };
		B6E95E3A1E819C7400BECDA4 /* CountCalorias.swift */ = {isa = PBXFileReference; fileEncoding = 4; lastKnownFileType = sourcecode.swift; path = CountCalorias.swift; sourceTree = "<group>"; };
		DB8024D21AA252DDEA8F5CC8 /* Pods-Diappetes.debug.xcconfig */ = {isa = PBXFileReference; includeInIndex = 1; lastKnownFileType = text.xcconfig; name = "Pods-Diappetes.debug.xcconfig"; path = "Pods/Target Support Files/Pods-Diappetes/Pods-Diappetes.debug.xcconfig"; sourceTree = "<group>"; };
		F8021AE299E9B785AB82290B /* Pods-Diappetes.release.xcconfig */ = {isa = PBXFileReference; includeInIndex = 1; lastKnownFileType = text.xcconfig; name = "Pods-Diappetes.release.xcconfig"; path = "Pods/Target Support Files/Pods-Diappetes/Pods-Diappetes.release.xcconfig"; sourceTree = "<group>"; };
/* End PBXFileReference section */

/* Begin PBXFrameworksBuildPhase section */
		81BA81421A49DA1800E65899 /* Frameworks */ = {
			isa = PBXFrameworksBuildPhase;
			buildActionMask = 2147483647;
			files = (
				B6CCB6281E8CB57B0053E7D4 /* Charts.framework in Frameworks */,
				B6CCB6291E8CB57B0053E7D4 /* Realm.framework in Frameworks */,
				B6CCB62A1E8CB57B0053E7D4 /* RealmSwift.framework in Frameworks */,
				81BA817F1A49E0F000E65899 /* libstdc++.6.dylib in Frameworks */,
				81BA817B1A49E0E500E65899 /* SystemConfiguration.framework in Frameworks */,
				81BA81791A49E0DB00E65899 /* AudioToolbox.framework in Frameworks */,
				81BA81771A49E0D500E65899 /* libsqlite3.dylib in Frameworks */,
				81BA81711A49DB6800E65899 /* Parse.framework in Frameworks */,
				81BA81701A49DB6800E65899 /* Bolts.framework in Frameworks */,
				22A69368B492956AE4AF6ECB /* Pods_Diappetes.framework in Frameworks */,
			);
			runOnlyForDeploymentPostprocessing = 0;
		};
		B6D32A7F1E8469DC0005660C /* Frameworks */ = {
			isa = PBXFrameworksBuildPhase;
			buildActionMask = 2147483647;
			files = (
			);
			runOnlyForDeploymentPostprocessing = 0;
		};
/* End PBXFrameworksBuildPhase section */

/* Begin PBXGroup section */
		15B146D705FEDAE2D244E0D7 /* Pods */ = {
			isa = PBXGroup;
			children = (
				DB8024D21AA252DDEA8F5CC8 /* Pods-Diappetes.debug.xcconfig */,
				F8021AE299E9B785AB82290B /* Pods-Diappetes.release.xcconfig */,
			);
			name = Pods;
			sourceTree = "<group>";
		};
		814C3AC51B69877600E307BB /* Resources */ = {
			isa = PBXGroup;
			children = (
				B649342E1E4D1BCE00FBE007 /* alimentos.png */,
				814C3AC81B69877600E307BB /* Images.xcassets */,
				B635EB811E551DAE00D9D611 /* Treatment Plan-50.png */,
				B635EB4C1E551BD000D9D611 /* AppIcon.appiconset */,
				814C3AC91B69877600E307BB /* Info.plist */,
			);
			path = Resources;
			sourceTree = "<group>";
		};
		81BA813C1A49DA1800E65899 = {
			isa = PBXGroup;
			children = (
				81BA81471A49DA1800E65899 /* ParseStarterProject */,
				814C3AC51B69877600E307BB /* Resources */,
				B6D32A771E8469DC0005660C /* WatchDiappetes */,
				B6D32A861E8469DC0005660C /* WatchDiappetes Extension */,
				81BA816A1A49DB5600E65899 /* Frameworks */,
				81BA81461A49DA1800E65899 /* Products */,
				15B146D705FEDAE2D244E0D7 /* Pods */,
			);
			sourceTree = "<group>";
		};
		81BA81461A49DA1800E65899 /* Products */ = {
			isa = PBXGroup;
			children = (
				81BA81451A49DA1800E65899 /* Diappetes.app */,
				B6D32A761E8469DC0005660C /* WatchDiappetes.app */,
				B6D32A821E8469DC0005660C /* WatchDiappetes Extension.appex */,
			);
			name = Products;
			sourceTree = "<group>";
		};
		81BA81471A49DA1800E65899 /* ParseStarterProject */ = {
			isa = PBXGroup;
			children = (
				B6E95E3A1E819C7400BECDA4 /* CountCalorias.swift */,
				B6D4E0A11E5E8D90006137C1 /* Settings */,
				B64A359E1E4E77A400B8E7AA /* Foros */,
				B6D6B3581E4E41DA0010BC75 /* TipsYRecompensasController */,
				B6D6B3571E4E41D00010BC75 /* HistorialMedicoController */,
				B6D6B3561E4E41C00010BC75 /* MedicionesController */,
				B6D6B3551E4E41B70010BC75 /* CalendarioController */,
				B6D6B3541E4E41990010BC75 /* AlimentacionControllers */,
				81BA814A1A49DA1800E65899 /* AppDelegate.swift */,
				81BA814C1A49DA1800E65899 /* ViewController.swift */,
				844D4E041D120DF30098C0C1 /* Main.storyboard */,
				B64A35A51E4E7AF300B8E7AA /* TabBarViewController.swift */,
				849429C21D18EB1500AFE68C /* MenuViewController.swift */,
				84DF5DA21D17AF9F004ED18F /* cell.swift */,
				84DF5DA01D17AF91004ED18F /* PostImageViewController.swift */,
				84DF5D791D179B1D004ED18F /* icons */,
				844D4E161D122AAF0098C0C1 /* FeedTableViewController.swift */,
				84DF5D731D176D97004ED18F /* Captura de pantalla 2016-06-19 a las 7.15.28 p.m..png */,
				842117741D16EA63005ED9FA /* Image_3.png */,
				844D4E021D120DA70098C0C1 /* TableViewController.swift */,
				844D4E101D12184D0098C0C1 /* Man_Woman_Avatar-512.png */,
			);
			path = ParseStarterProject;
			sourceTree = "<group>";
		};
		81BA816A1A49DB5600E65899 /* Frameworks */ = {
			isa = PBXGroup;
			children = (
				B6CCB6221E8CB5180053E7D4 /* Charts.framework */,
				B6CCB6231E8CB5180053E7D4 /* Realm.framework */,
				B6CCB6241E8CB5180053E7D4 /* RealmSwift.framework */,
				81BA816B1A49DB6800E65899 /* Bolts.framework */,
				81BA816C1A49DB6800E65899 /* Parse.framework */,
				81BA816E1A49DB6800E65899 /* ParseFacebookUtils.framework */,
				844D4E061D1214C00098C0C1 /* ParseCrashReporting.framework */,
				81BA81801A49E10C00E65899 /* ParseUI.framework */,
				81BA81751A49E0C500E65899 /* System Frameworks */,
				A61ED7DA923DEC82F506F5E3 /* Pods_Diappetes.framework */,
			);
			name = Frameworks;
			sourceTree = "<group>";
		};
		81BA81751A49E0C500E65899 /* System Frameworks */ = {
			isa = PBXGroup;
			children = (
				81BA817E1A49E0F000E65899 /* libstdc++.6.dylib */,
				81BA817A1A49E0E500E65899 /* SystemConfiguration.framework */,
				81BA81781A49E0DB00E65899 /* AudioToolbox.framework */,
				81BA81761A49E0D500E65899 /* libsqlite3.dylib */,
			);
			name = "System Frameworks";
			sourceTree = "<group>";
		};
		84DF5D791D179B1D004ED18F /* icons */ = {
			isa = PBXGroup;
			children = (
				B68B56CA1E55487A008BCD46 /* Map Marker-50.png */,
				B68B56C81E553D9B008BCD46 /* Diabetes Monitor-50.png */,
				B635EB831E551DC000D9D611 /* Chat Filled-50.png */,
				B6D6B3521E4E3F870010BC75 /* fondo4.png */,
				B64934571E4D28C900FBE007 /* fondo.jpg */,
				B64934551E4D266100FBE007 /* fondo2.jpg */,
				B649344F1E4D24E500FBE007 /* fondonaranja.jpg */,
				B64934501E4D24E500FBE007 /* fondoazul.jpg */,
				B64934511E4D24E500FBE007 /* fondomorado.jpg */,
				B649343A1E4D1C2F00FBE007 /* rounded-512.png */,
				B64934041E4D1BA000FBE007 /* Menu-501.png */,
				B649342A1E4D1BCE00FBE007 /* insulina.png */,
				B649342B1E4D1BCE00FBE007 /* FAQ-512.png */,
				B649342C1E4D1BCE00FBE007 /* historialMedico.png */,
				B649342D1E4D1BCE00FBE007 /* calendario.png */,
				B649342F1E4D1BCE00FBE007 /* tips.png */,
				B64934301E4D1BCE00FBE007 /* iOS-7-Wallpaper-2-577x1024.png */,
				B64934311E4D1BCE00FBE007 /* fondos-de-pantalla-de-iOS-9-11.jpg */,
				B64934061E4D1BAE00FBE007 /* Line Chart Filled-25.png */,
				B64934071E4D1BAE00FBE007 /* Facebook Filled-25.png */,
				B64934081E4D1BAE00FBE007 /* Alarm Clock-25.png */,
				B64934091E4D1BAE00FBE007 /* Add Shopping Cart-50.png */,
				B649340A1E4D1BAE00FBE007 /* Info-50.png */,
				B649340B1E4D1BAE00FBE007 /* Christmas Star Filled-25.png */,
				B649340C1E4D1BAE00FBE007 /* Treatment Plan-25.png */,
				B649340D1E4D1BAE00FBE007 /* Chat Filled-25.png */,
				B649340E1E4D1BAE00FBE007 /* Health Book-25.png */,
				B649340F1E4D1BAE00FBE007 /* Caloric Energy-50.png */,
				B64934101E4D1BAE00FBE007 /* Add Rule-50.png */,
				B64934111E4D1BAE00FBE007 /* Diabetes-50.png */,
				B64934121E4D1BAE00FBE007 /* Medical Doctor-50.png */,
				B64934131E4D1BAE00FBE007 /* Heart Monitor-50.png */,
				B64934141E4D1BAE00FBE007 /* AED-50.png */,
				B64934151E4D1BAE00FBE007 /* Pill-50.png */,
				B64934161E4D1BAE00FBE007 /* Doctors Bag-50.png */,
				B64934171E4D1BAE00FBE007 /* Area Chart-501.png */,
			);
			name = icons;
			path = ../../../../Downloads/icons;
			sourceTree = "<group>";
		};
		B635EB4C1E551BD000D9D611 /* AppIcon.appiconset */ = {
			isa = PBXGroup;
			children = (
				B635EB4D1E551BD000D9D611 /* Contents.json */,
				B635EB4E1E551BD000D9D611 /* Icon-App-20x20@1x.png */,
				B635EB4F1E551BD000D9D611 /* Icon-App-20x20@2x.png */,
				B635EB501E551BD000D9D611 /* Icon-App-20x20@3x.png */,
				B635EB511E551BD000D9D611 /* Icon-App-29x29@1x.png */,
				B635EB521E551BD000D9D611 /* Icon-App-29x29@2x.png */,
				B635EB531E551BD000D9D611 /* Icon-App-29x29@3x.png */,
				B635EB541E551BD000D9D611 /* Icon-App-40x40@1x.png */,
				B635EB551E551BD000D9D611 /* Icon-App-40x40@2x.png */,
				B635EB561E551BD000D9D611 /* Icon-App-40x40@3x.png */,
				B635EB571E551BD000D9D611 /* Icon-App-57x57@1x.png */,
				B635EB581E551BD000D9D611 /* Icon-App-57x57@2x.png */,
				B635EB591E551BD000D9D611 /* Icon-App-60x60@1x.png */,
				B635EB5A1E551BD000D9D611 /* Icon-App-60x60@2x.png */,
				B635EB5B1E551BD000D9D611 /* Icon-App-60x60@3x.png */,
				B635EB5C1E551BD000D9D611 /* Icon-App-72x72@1x.png */,
				B635EB5D1E551BD000D9D611 /* Icon-App-72x72@2x.png */,
				B635EB5E1E551BD000D9D611 /* Icon-App-76x76@1x.png */,
				B635EB5F1E551BD000D9D611 /* Icon-App-76x76@2x.png */,
				B635EB601E551BD000D9D611 /* Icon-App-76x76@3x.png */,
				B635EB611E551BD000D9D611 /* Icon-App-83.5x83.5@2x.png */,
				B635EB621E551BD000D9D611 /* Icon-Small-50x50@1x.png */,
				B635EB631E551BD000D9D611 /* Icon-Small-50x50@2x.png */,
			);
			name = AppIcon.appiconset;
			path = Image_3/ios/AppIcon.appiconset;
			sourceTree = "<group>";
		};
		B64A359E1E4E77A400B8E7AA /* Foros */ = {
			isa = PBXGroup;
			children = (
				B64A359F1E4E77B400B8E7AA /* ForoViewController.swift */,
			);
			name = Foros;
			sourceTree = "<group>";
		};
		B6CCB5FF1E8CAB310053E7D4 /* AppIcon.appiconset */ = {
			isa = PBXGroup;
			children = (
				B6CCB6001E8CAB310053E7D4 /* Contents.json */,
				B6CCB6011E8CAB310053E7D4 /* Icon-24@2x.png */,
				B6CCB6021E8CAB310053E7D4 /* Icon-27.5@2x.png */,
				B6CCB6031E8CAB310053E7D4 /* Icon-29@2x.png */,
				B6CCB6041E8CAB310053E7D4 /* Icon-29@3x.png */,
				B6CCB6051E8CAB310053E7D4 /* Icon-40@2x.png */,
				B6CCB6061E8CAB310053E7D4 /* Icon-44@2x.png */,
				B6CCB6071E8CAB310053E7D4 /* Icon-86@2x.png */,
				B6CCB6081E8CAB310053E7D4 /* Icon-98@2x.png */,
			);
			path = AppIcon.appiconset;
			sourceTree = "<group>";
		};
		B6D32A771E8469DC0005660C /* WatchDiappetes */ = {
			isa = PBXGroup;
			children = (
				B6CCB6121E8CAE6B0053E7D4 /* juanjo_junoy_conferencia_campana_th.png */,
				B6505A7A1E8C40E400D8D8CE /* Interface.storyboard */,
				B6D32A7B1E8469DC0005660C /* Assets.xcassets */,
				B6CCB5FF1E8CAB310053E7D4 /* AppIcon.appiconset */,
				B6D32A7D1E8469DC0005660C /* Info.plist */,
			);
			path = WatchDiappetes;
			sourceTree = "<group>";
		};
		B6D32A861E8469DC0005660C /* WatchDiappetes Extension */ = {
			isa = PBXGroup;
			children = (
				B6046E261E8DA7830045BB8F /* DetalleControladorInterfaceController.swift */,
				B633FD1F1E8CCC07008774F4 /* mapas.json */,
				B6CCB5FB1E8CA72D0053E7D4 /* CalendarioInterfaceController.swift */,
				B6CCB5F91E8CA71E0053E7D4 /* MyRowController.swift */,
				B6505A7D1E8C5CC000D8D8CE /* MarcaAuto.swift */,
				B6505A761E8C401700D8D8CE /* controladorRenglon.swift */,
				B6505A771E8C401700D8D8CE /* MapController.swift */,
				B6D32A891E8469DC0005660C /* InterfaceController.swift */,
				B6D32A8B1E8469DC0005660C /* ExtensionDelegate.swift */,
				B6D32A8D1E8469DC0005660C /* NotificationController.swift */,
				B6D32A8F1E8469DC0005660C /* Assets.xcassets */,
				B6D32A911E8469DC0005660C /* Info.plist */,
				B6D32A871E8469DC0005660C /* Supporting Files */,
			);
			path = "WatchDiappetes Extension";
			sourceTree = "<group>";
		};
		B6D32A871E8469DC0005660C /* Supporting Files */ = {
			isa = PBXGroup;
			children = (
				B6D32A881E8469DC0005660C /* PushNotificationPayload.apns */,
			);
			name = "Supporting Files";
			sourceTree = "<group>";
		};
		B6D4E0A11E5E8D90006137C1 /* Settings */ = {
			isa = PBXGroup;
			children = (
				B6D4E0A21E5E8DD2006137C1 /* SignosVitalesViewController.swift */,
				B6D4E0A61E5E9F07006137C1 /* MenuSettingsTableViewController.swift */,
			);
			name = Settings;
			sourceTree = "<group>";
		};
		B6D6B3541E4E41990010BC75 /* AlimentacionControllers */ = {
			isa = PBXGroup;
			children = (
				849241A41D18CC210008696C /* AlimentosViewController.swift */,
				B69C4E581E6F2DBC00297E07 /* Alimentacion2TableViewController.swift */,
				B64A35A11E4E781000B8E7AA /* GraficasViewController.swift */,
				B64A35A31E4E785B00B8E7AA /* DietaViewController.swift */,
				B690542F1E65F9520045FC77 /* DesgloceTableViewController.swift */,
				B6E95E381E81995F00BECDA4 /* Graficas2ViewController.swift */,
			);
			name = AlimentacionControllers;
			sourceTree = "<group>";
		};
		B6D6B3551E4E41B70010BC75 /* CalendarioController */ = {
			isa = PBXGroup;
			children = (
				B64A359C1E4E775200B8E7AA /* CalendarioViewController.swift */,
				B64CDF421E550BB2003C8C7D /* EventVC.swift */,
				B64CDF441E550DE5003C8C7D /* AddEventVC.swift */,
			);
			name = CalendarioController;
			sourceTree = "<group>";
		};
		B6D6B3561E4E41C00010BC75 /* MedicionesController */ = {
			isa = PBXGroup;
			children = (
				849241A21D18CA9A0008696C /* FacebookViewController.swift */,
				B64A35941E4E741500B8E7AA /* MedicamentosViewController.swift */,
				B64A35961E4E746900B8E7AA /* TratamientoViewController.swift */,
				B64A35981E4E74BE00B8E7AA /* AlarmasViewController.swift */,
				B64A359A1E4E76B000B8E7AA /* ComprasUOtroViewController.swift */,
			);
			name = MedicionesController;
			sourceTree = "<group>";
		};
		B6D6B3571E4E41D00010BC75 /* HistorialMedicoController */ = {
			isa = PBXGroup;
			children = (
				8492419E1D18AA5C0008696C /* ConsultaViewController.swift */,
				8492419C1D18902F0008696C /* GlucosaViewController.swift */,
				B64A358C1E4E4AC000B8E7AA /* HistorialMedicoViewController.swift */,
				B64A358E1E4E4B8600B8E7AA /* FichaMedicaViewController.swift */,
				B64A35901E4E4BEA00B8E7AA /* MapViewController.swift */,
				B653D7901E60AA65006C1702 /* BitcaorasTableViewController.swift */,
				B6BCBB821E676A3F002C1669 /* MedicosTableViewController.swift */,
				B6BCBB841E676F39002C1669 /* DetailMedicoViewController.swift */,
			);
			name = HistorialMedicoController;
			sourceTree = "<group>";
		};
		B6D6B3581E4E41DA0010BC75 /* TipsYRecompensasController */ = {
			isa = PBXGroup;
			children = (
				849241A01D18B5FC0008696C /* TipsViewController.swift */,
				B64A35921E4E733E00B8E7AA /* RewardsViewController.swift */,
			);
			name = TipsYRecompensasController;
			sourceTree = "<group>";
		};
/* End PBXGroup section */

/* Begin PBXNativeTarget section */
		81BA81441A49DA1800E65899 /* Diappetes */ = {
			isa = PBXNativeTarget;
			buildConfigurationList = 81BA81641A49DA1800E65899 /* Build configuration list for PBXNativeTarget "Diappetes" */;
			buildPhases = (
				731D7A303B2DC9DBDA151467 /* [CP] Check Pods Manifest.lock */,
				81BA81411A49DA1800E65899 /* Sources */,
				81BA81421A49DA1800E65899 /* Frameworks */,
				81BA81431A49DA1800E65899 /* Resources */,
				772F8098DF9F0EF70909B5F4 /* [CP] Embed Pods Frameworks */,
				E0E5552A10D8F246CF31C893 /* [CP] Copy Pods Resources */,
				B6D32A9C1E8469DC0005660C /* Embed Watch Content */,
			);
			buildRules = (
			);
			dependencies = (
				B6D32A931E8469DC0005660C /* PBXTargetDependency */,
			);
			name = Diappetes;
			productName = ParseStarterProject;
			productReference = 81BA81451A49DA1800E65899 /* Diappetes.app */;
			productType = "com.apple.product-type.application";
		};
		B6D32A751E8469DC0005660C /* WatchDiappetes */ = {
			isa = PBXNativeTarget;
			buildConfigurationList = B6D32A9B1E8469DC0005660C /* Build configuration list for PBXNativeTarget "WatchDiappetes" */;
			buildPhases = (
				B6D32A741E8469DC0005660C /* Resources */,
				B6D32A9A1E8469DC0005660C /* Embed App Extensions */,
			);
			buildRules = (
			);
			dependencies = (
				B6D32A851E8469DC0005660C /* PBXTargetDependency */,
			);
			name = WatchDiappetes;
			productName = WatchDiappetes;
			productReference = B6D32A761E8469DC0005660C /* WatchDiappetes.app */;
			productType = "com.apple.product-type.application.watchapp2";
		};
		B6D32A811E8469DC0005660C /* WatchDiappetes Extension */ = {
			isa = PBXNativeTarget;
			buildConfigurationList = B6D32A991E8469DC0005660C /* Build configuration list for PBXNativeTarget "WatchDiappetes Extension" */;
			buildPhases = (
				B6D32A7E1E8469DC0005660C /* Sources */,
				B6D32A7F1E8469DC0005660C /* Frameworks */,
				B6D32A801E8469DC0005660C /* Resources */,
			);
			buildRules = (
			);
			dependencies = (
			);
			name = "WatchDiappetes Extension";
			productName = "WatchDiappetes Extension";
			productReference = B6D32A821E8469DC0005660C /* WatchDiappetes Extension.appex */;
			productType = "com.apple.product-type.watchkit2-extension";
		};
/* End PBXNativeTarget section */

/* Begin PBXProject section */
		81BA813D1A49DA1800E65899 /* Project object */ = {
			isa = PBXProject;
			attributes = {
				LastSwiftUpdateCheck = 0820;
				LastUpgradeCheck = 0820;
				ORGANIZATIONNAME = Parse;
				TargetAttributes = {
					81BA81441A49DA1800E65899 = {
						CreatedOnToolsVersion = 6.1.1;
						DevelopmentTeam = X99R8FUBK5;
						LastSwiftMigration = 0820;
						ProvisioningStyle = Automatic;
					};
					B6D32A751E8469DC0005660C = {
						CreatedOnToolsVersion = 8.2.1;
						DevelopmentTeam = X99R8FUBK5;
						LastSwiftMigration = 0830;
						ProvisioningStyle = Automatic;
					};
					B6D32A811E8469DC0005660C = {
						CreatedOnToolsVersion = 8.2.1;
						DevelopmentTeam = X99R8FUBK5;
						ProvisioningStyle = Automatic;
					};
				};
			};
			buildConfigurationList = 81BA81401A49DA1800E65899 /* Build configuration list for PBXProject "Diappetes" */;
			compatibilityVersion = "Xcode 3.2";
			developmentRegion = English;
			hasScannedForEncodings = 0;
			knownRegions = (
				en,
				Base,
			);
			mainGroup = 81BA813C1A49DA1800E65899;
			productRefGroup = 81BA81461A49DA1800E65899 /* Products */;
			projectDirPath = "";
			projectRoot = "";
			targets = (
				81BA81441A49DA1800E65899 /* Diappetes */,
				B6D32A751E8469DC0005660C /* WatchDiappetes */,
				B6D32A811E8469DC0005660C /* WatchDiappetes Extension */,
			);
		};
/* End PBXProject section */

/* Begin PBXResourcesBuildPhase section */
		81BA81431A49DA1800E65899 /* Resources */ = {
			isa = PBXResourcesBuildPhase;
			buildActionMask = 2147483647;
			files = (
				B64934561E4D266100FBE007 /* fondo2.jpg in Resources */,
				B649341E1E4D1BAE00FBE007 /* Treatment Plan-25.png in Resources */,
				B635EB651E551BD000D9D611 /* Icon-App-20x20@1x.png in Resources */,
				B64934541E4D24E500FBE007 /* fondomorado.jpg in Resources */,
				B635EB711E551BD000D9D611 /* Icon-App-60x60@2x.png in Resources */,
				B649341F1E4D1BAE00FBE007 /* Chat Filled-25.png in Resources */,
				B649341B1E4D1BAE00FBE007 /* Add Shopping Cart-50.png in Resources */,
				B635EB6C1E551BD000D9D611 /* Icon-App-40x40@2x.png in Resources */,
				B649341C1E4D1BAE00FBE007 /* Info-50.png in Resources */,
				B64934321E4D1BCE00FBE007 /* insulina.png in Resources */,
				B635EB661E551BD000D9D611 /* Icon-App-20x20@2x.png in Resources */,
				B649343B1E4D1C2F00FBE007 /* rounded-512.png in Resources */,
				B64934281E4D1BAE00FBE007 /* Doctors Bag-50.png in Resources */,
				B64934531E4D24E500FBE007 /* fondoazul.jpg in Resources */,
				B64934051E4D1BA000FBE007 /* Menu-501.png in Resources */,
				B635EB791E551BD000D9D611 /* Icon-Small-50x50@1x.png in Resources */,
				B64934181E4D1BAE00FBE007 /* Line Chart Filled-25.png in Resources */,
				B635EB841E551DC000D9D611 /* Chat Filled-50.png in Resources */,
				B64934581E4D28C900FBE007 /* fondo.jpg in Resources */,
				B635EB6A1E551BD000D9D611 /* Icon-App-29x29@3x.png in Resources */,
				B649341D1E4D1BAE00FBE007 /* Christmas Star Filled-25.png in Resources */,
				814C3ACB1B69877600E307BB /* Images.xcassets in Resources */,
				B64934521E4D24E500FBE007 /* fondonaranja.jpg in Resources */,
				844D4E051D120DF30098C0C1 /* Main.storyboard in Resources */,
				B635EB771E551BD000D9D611 /* Icon-App-76x76@3x.png in Resources */,
				B64934251E4D1BAE00FBE007 /* Heart Monitor-50.png in Resources */,
				B64934261E4D1BAE00FBE007 /* AED-50.png in Resources */,
				B64934211E4D1BAE00FBE007 /* Caloric Energy-50.png in Resources */,
				B64934381E4D1BCE00FBE007 /* iOS-7-Wallpaper-2-577x1024.png in Resources */,
				B635EB7A1E551BD000D9D611 /* Icon-Small-50x50@2x.png in Resources */,
				B649341A1E4D1BAE00FBE007 /* Alarm Clock-25.png in Resources */,
				B64934331E4D1BCE00FBE007 /* FAQ-512.png in Resources */,
				B635EB671E551BD000D9D611 /* Icon-App-20x20@3x.png in Resources */,
				B68B56C91E553D9B008BCD46 /* Diabetes Monitor-50.png in Resources */,
				B68B56CB1E55487A008BCD46 /* Map Marker-50.png in Resources */,
				B64934341E4D1BCE00FBE007 /* historialMedico.png in Resources */,
				84DF5D741D176D97004ED18F /* Captura de pantalla 2016-06-19 a las 7.15.28 p.m..png in Resources */,
				B64934351E4D1BCE00FBE007 /* calendario.png in Resources */,
				B64934191E4D1BAE00FBE007 /* Facebook Filled-25.png in Resources */,
				B635EB781E551BD000D9D611 /* Icon-App-83.5x83.5@2x.png in Resources */,
				B635EB6D1E551BD000D9D611 /* Icon-App-40x40@3x.png in Resources */,
				B64934221E4D1BAE00FBE007 /* Add Rule-50.png in Resources */,
				B64934241E4D1BAE00FBE007 /* Medical Doctor-50.png in Resources */,
				B64934231E4D1BAE00FBE007 /* Diabetes-50.png in Resources */,
				B64934361E4D1BCE00FBE007 /* alimentos.png in Resources */,
				B635EB761E551BD000D9D611 /* Icon-App-76x76@2x.png in Resources */,
				B635EB701E551BD000D9D611 /* Icon-App-60x60@1x.png in Resources */,
				B635EB6E1E551BD000D9D611 /* Icon-App-57x57@1x.png in Resources */,
				B64934291E4D1BAE00FBE007 /* Area Chart-501.png in Resources */,
				B635EB691E551BD000D9D611 /* Icon-App-29x29@2x.png in Resources */,
				B635EB731E551BD000D9D611 /* Icon-App-72x72@1x.png in Resources */,
				B64934271E4D1BAE00FBE007 /* Pill-50.png in Resources */,
				844D4E111D12184D0098C0C1 /* Man_Woman_Avatar-512.png in Resources */,
				B64934391E4D1BCE00FBE007 /* fondos-de-pantalla-de-iOS-9-11.jpg in Resources */,
				B635EB721E551BD000D9D611 /* Icon-App-60x60@3x.png in Resources */,
				B635EB641E551BD000D9D611 /* Contents.json in Resources */,
				B635EB741E551BD000D9D611 /* Icon-App-72x72@2x.png in Resources */,
				B635EB6B1E551BD000D9D611 /* Icon-App-40x40@1x.png in Resources */,
				B635EB751E551BD000D9D611 /* Icon-App-76x76@1x.png in Resources */,
				B635EB821E551DAE00D9D611 /* Treatment Plan-50.png in Resources */,
				B635EB681E551BD000D9D611 /* Icon-App-29x29@1x.png in Resources */,
				B64934371E4D1BCE00FBE007 /* tips.png in Resources */,
				B6D6B3531E4E3F870010BC75 /* fondo4.png in Resources */,
				842117751D16EA63005ED9FA /* Image_3.png in Resources */,
				B64934201E4D1BAE00FBE007 /* Health Book-25.png in Resources */,
				B635EB6F1E551BD000D9D611 /* Icon-App-57x57@2x.png in Resources */,
			);
			runOnlyForDeploymentPostprocessing = 0;
		};
		B6D32A741E8469DC0005660C /* Resources */ = {
			isa = PBXResourcesBuildPhase;
			buildActionMask = 2147483647;
			files = (
				B6505A7B1E8C40E400D8D8CE /* Interface.storyboard in Resources */,
				B6CCB6101E8CAB310053E7D4 /* Icon-86@2x.png in Resources */,
				B6CCB60D1E8CAB310053E7D4 /* Icon-29@3x.png in Resources */,
				B6CCB60F1E8CAB310053E7D4 /* Icon-44@2x.png in Resources */,
				B6D32A7C1E8469DC0005660C /* Assets.xcassets in Resources */,
				B6CCB6091E8CAB310053E7D4 /* Contents.json in Resources */,
				B6CCB60A1E8CAB310053E7D4 /* Icon-24@2x.png in Resources */,
				B6CCB60E1E8CAB310053E7D4 /* Icon-40@2x.png in Resources */,
				B6CCB6131E8CAE6B0053E7D4 /* juanjo_junoy_conferencia_campana_th.png in Resources */,
				B6CCB6111E8CAB310053E7D4 /* Icon-98@2x.png in Resources */,
				B6CCB60C1E8CAB310053E7D4 /* Icon-29@2x.png in Resources */,
				B6CCB60B1E8CAB310053E7D4 /* Icon-27.5@2x.png in Resources */,
			);
			runOnlyForDeploymentPostprocessing = 0;
		};
		B6D32A801E8469DC0005660C /* Resources */ = {
			isa = PBXResourcesBuildPhase;
			buildActionMask = 2147483647;
			files = (
				B633FD201E8CCC07008774F4 /* mapas.json in Resources */,
				B6D32A901E8469DC0005660C /* Assets.xcassets in Resources */,
			);
			runOnlyForDeploymentPostprocessing = 0;
		};
/* End PBXResourcesBuildPhase section */

/* Begin PBXShellScriptBuildPhase section */
		731D7A303B2DC9DBDA151467 /* [CP] Check Pods Manifest.lock */ = {
			isa = PBXShellScriptBuildPhase;
			buildActionMask = 2147483647;
			files = (
			);
			inputPaths = (
			);
			name = "[CP] Check Pods Manifest.lock";
			outputPaths = (
			);
			runOnlyForDeploymentPostprocessing = 0;
			shellPath = /bin/sh;
			shellScript = "diff \"${PODS_ROOT}/../Podfile.lock\" \"${PODS_ROOT}/Manifest.lock\" > /dev/null\nif [ $? != 0 ] ; then\n    # print error to STDERR\n    echo \"error: The sandbox is not in sync with the Podfile.lock. Run 'pod install' or update your CocoaPods installation.\" >&2\n    exit 1\nfi\n";
			showEnvVarsInLog = 0;
		};
		772F8098DF9F0EF70909B5F4 /* [CP] Embed Pods Frameworks */ = {
			isa = PBXShellScriptBuildPhase;
			buildActionMask = 2147483647;
			files = (
			);
			inputPaths = (
			);
			name = "[CP] Embed Pods Frameworks";
			outputPaths = (
			);
			runOnlyForDeploymentPostprocessing = 0;
			shellPath = /bin/sh;
			shellScript = "\"${SRCROOT}/Pods/Target Support Files/Pods-Diappetes/Pods-Diappetes-frameworks.sh\"\n";
			showEnvVarsInLog = 0;
		};
		E0E5552A10D8F246CF31C893 /* [CP] Copy Pods Resources */ = {
			isa = PBXShellScriptBuildPhase;
			buildActionMask = 2147483647;
			files = (
			);
			inputPaths = (
			);
			name = "[CP] Copy Pods Resources";
			outputPaths = (
			);
			runOnlyForDeploymentPostprocessing = 0;
			shellPath = /bin/sh;
			shellScript = "\"${SRCROOT}/Pods/Target Support Files/Pods-Diappetes/Pods-Diappetes-resources.sh\"\n";
			showEnvVarsInLog = 0;
		};
/* End PBXShellScriptBuildPhase section */

/* Begin PBXSourcesBuildPhase section */
		81BA81411A49DA1800E65899 /* Sources */ = {
			isa = PBXSourcesBuildPhase;
			buildActionMask = 2147483647;
			files = (
				B64A359B1E4E76B000B8E7AA /* ComprasUOtroViewController.swift in Sources */,
				B64A35991E4E74BE00B8E7AA /* AlarmasViewController.swift in Sources */,
				84DF5DA11D17AF91004ED18F /* PostImageViewController.swift in Sources */,
				84DF5DA31D17AF9F004ED18F /* cell.swift in Sources */,
				B64A359D1E4E775200B8E7AA /* CalendarioViewController.swift in Sources */,
				B64CDF451E550DE5003C8C7D /* AddEventVC.swift in Sources */,
				B6D4E0A31E5E8DD2006137C1 /* SignosVitalesViewController.swift in Sources */,
				B6D4E0A71E5E9F07006137C1 /* MenuSettingsTableViewController.swift in Sources */,
				849241A31D18CA9A0008696C /* FacebookViewController.swift in Sources */,
				B69054301E65F9520045FC77 /* DesgloceTableViewController.swift in Sources */,
				B64A35A01E4E77B400B8E7AA /* ForoViewController.swift in Sources */,
				844D4E171D122AAF0098C0C1 /* FeedTableViewController.swift in Sources */,
				B6BCBB831E676A3F002C1669 /* MedicosTableViewController.swift in Sources */,
				81BA814D1A49DA1800E65899 /* ViewController.swift in Sources */,
				844D4E031D120DA70098C0C1 /* TableViewController.swift in Sources */,
				B64A35A41E4E785B00B8E7AA /* DietaViewController.swift in Sources */,
				B69C4E591E6F2DBC00297E07 /* Alimentacion2TableViewController.swift in Sources */,
				B64CDF431E550BB2003C8C7D /* EventVC.swift in Sources */,
				849241A51D18CC210008696C /* AlimentosViewController.swift in Sources */,
				B64A35951E4E741500B8E7AA /* MedicamentosViewController.swift in Sources */,
				B64A35A61E4E7AF300B8E7AA /* TabBarViewController.swift in Sources */,
				B6E95E391E81995F00BECDA4 /* Graficas2ViewController.swift in Sources */,
				B653D7911E60AA65006C1702 /* BitcaorasTableViewController.swift in Sources */,
				B6BCBB851E676F39002C1669 /* DetailMedicoViewController.swift in Sources */,
				849429C31D18EB1500AFE68C /* MenuViewController.swift in Sources */,
				B64A35971E4E746900B8E7AA /* TratamientoViewController.swift in Sources */,
				B64A358D1E4E4AC000B8E7AA /* HistorialMedicoViewController.swift in Sources */,
				849241A11D18B5FC0008696C /* TipsViewController.swift in Sources */,
				81BA814B1A49DA1800E65899 /* AppDelegate.swift in Sources */,
				B6E95E3B1E819C7400BECDA4 /* CountCalorias.swift in Sources */,
				B64A358F1E4E4B8600B8E7AA /* FichaMedicaViewController.swift in Sources */,
				B64A35A21E4E781000B8E7AA /* GraficasViewController.swift in Sources */,
				8492419D1D18902F0008696C /* GlucosaViewController.swift in Sources */,
				B64A35931E4E733E00B8E7AA /* RewardsViewController.swift in Sources */,
				B64A35911E4E4BEA00B8E7AA /* MapViewController.swift in Sources */,
				8492419F1D18AA5C0008696C /* ConsultaViewController.swift in Sources */,
			);
			runOnlyForDeploymentPostprocessing = 0;
		};
		B6D32A7E1E8469DC0005660C /* Sources */ = {
			isa = PBXSourcesBuildPhase;
			buildActionMask = 2147483647;
			files = (
				B6D32A8E1E8469DC0005660C /* NotificationController.swift in Sources */,
				B6CCB5FA1E8CA71E0053E7D4 /* MyRowController.swift in Sources */,
				B6D32A8C1E8469DC0005660C /* ExtensionDelegate.swift in Sources */,
				B6D32A8A1E8469DC0005660C /* InterfaceController.swift in Sources */,
				B6046E271E8DA7830045BB8F /* DetalleControladorInterfaceController.swift in Sources */,
				B6505A791E8C401700D8D8CE /* MapController.swift in Sources */,
				B6CCB5FC1E8CA72D0053E7D4 /* CalendarioInterfaceController.swift in Sources */,
				B6505A781E8C401700D8D8CE /* controladorRenglon.swift in Sources */,
				B6505A7E1E8C5CC000D8D8CE /* MarcaAuto.swift in Sources */,
			);
			runOnlyForDeploymentPostprocessing = 0;
		};
/* End PBXSourcesBuildPhase section */

/* Begin PBXTargetDependency section */
		B6D32A851E8469DC0005660C /* PBXTargetDependency */ = {
			isa = PBXTargetDependency;
			target = B6D32A811E8469DC0005660C /* WatchDiappetes Extension */;
			targetProxy = B6D32A841E8469DC0005660C /* PBXContainerItemProxy */;
		};
		B6D32A931E8469DC0005660C /* PBXTargetDependency */ = {
			isa = PBXTargetDependency;
			target = B6D32A751E8469DC0005660C /* WatchDiappetes */;
			targetProxy = B6D32A921E8469DC0005660C /* PBXContainerItemProxy */;
		};
/* End PBXTargetDependency section */

/* Begin XCBuildConfiguration section */
		81BA81621A49DA1800E65899 /* Debug */ = {
			isa = XCBuildConfiguration;
			buildSettings = {
				ALWAYS_SEARCH_USER_PATHS = NO;
				CLANG_CXX_LANGUAGE_STANDARD = "gnu++0x";
				CLANG_CXX_LIBRARY = "libc++";
				CLANG_ENABLE_MODULES = YES;
				CLANG_ENABLE_OBJC_ARC = YES;
				CLANG_WARN_BOOL_CONVERSION = YES;
				CLANG_WARN_CONSTANT_CONVERSION = YES;
				CLANG_WARN_DIRECT_OBJC_ISA_USAGE = YES_ERROR;
				CLANG_WARN_EMPTY_BODY = YES;
				CLANG_WARN_ENUM_CONVERSION = YES;
				CLANG_WARN_INFINITE_RECURSION = YES;
				CLANG_WARN_INT_CONVERSION = YES;
				CLANG_WARN_OBJC_ROOT_CLASS = YES_ERROR;
				CLANG_WARN_SUSPICIOUS_MOVE = YES;
				CLANG_WARN_UNREACHABLE_CODE = YES;
				CLANG_WARN__DUPLICATE_METHOD_MATCH = YES;
				"CODE_SIGN_IDENTITY[sdk=iphoneos*]" = "iPhone Developer";
				COPY_PHASE_STRIP = NO;
				ENABLE_STRICT_OBJC_MSGSEND = YES;
				ENABLE_TESTABILITY = YES;
				GCC_C_LANGUAGE_STANDARD = gnu99;
				GCC_DYNAMIC_NO_PIC = NO;
				GCC_NO_COMMON_BLOCKS = YES;
				GCC_OPTIMIZATION_LEVEL = 0;
				GCC_PREPROCESSOR_DEFINITIONS = (
					"DEBUG=1",
					"$(inherited)",
				);
				GCC_SYMBOLS_PRIVATE_EXTERN = NO;
				GCC_WARN_64_TO_32_BIT_CONVERSION = YES;
				GCC_WARN_ABOUT_RETURN_TYPE = YES_ERROR;
				GCC_WARN_UNDECLARED_SELECTOR = YES;
				GCC_WARN_UNINITIALIZED_AUTOS = YES_AGGRESSIVE;
				GCC_WARN_UNUSED_FUNCTION = YES;
				GCC_WARN_UNUSED_VARIABLE = YES;
				IPHONEOS_DEPLOYMENT_TARGET = 9.3;
				MTL_ENABLE_DEBUG_INFO = YES;
				ONLY_ACTIVE_ARCH = YES;
				SDKROOT = iphoneos;
				SWIFT_OPTIMIZATION_LEVEL = "-Onone";
				TARGETED_DEVICE_FAMILY = "1,2";
			};
			name = Debug;
		};
		81BA81631A49DA1800E65899 /* Release */ = {
			isa = XCBuildConfiguration;
			buildSettings = {
				ALWAYS_SEARCH_USER_PATHS = NO;
				CLANG_CXX_LANGUAGE_STANDARD = "gnu++0x";
				CLANG_CXX_LIBRARY = "libc++";
				CLANG_ENABLE_MODULES = YES;
				CLANG_ENABLE_OBJC_ARC = YES;
				CLANG_WARN_BOOL_CONVERSION = YES;
				CLANG_WARN_CONSTANT_CONVERSION = YES;
				CLANG_WARN_DIRECT_OBJC_ISA_USAGE = YES_ERROR;
				CLANG_WARN_EMPTY_BODY = YES;
				CLANG_WARN_ENUM_CONVERSION = YES;
				CLANG_WARN_INFINITE_RECURSION = YES;
				CLANG_WARN_INT_CONVERSION = YES;
				CLANG_WARN_OBJC_ROOT_CLASS = YES_ERROR;
				CLANG_WARN_SUSPICIOUS_MOVE = YES;
				CLANG_WARN_UNREACHABLE_CODE = YES;
				CLANG_WARN__DUPLICATE_METHOD_MATCH = YES;
				"CODE_SIGN_IDENTITY[sdk=iphoneos*]" = "iPhone Developer";
				COPY_PHASE_STRIP = YES;
				ENABLE_NS_ASSERTIONS = NO;
				ENABLE_STRICT_OBJC_MSGSEND = YES;
				GCC_C_LANGUAGE_STANDARD = gnu99;
				GCC_NO_COMMON_BLOCKS = YES;
				GCC_WARN_64_TO_32_BIT_CONVERSION = YES;
				GCC_WARN_ABOUT_RETURN_TYPE = YES_ERROR;
				GCC_WARN_UNDECLARED_SELECTOR = YES;
				GCC_WARN_UNINITIALIZED_AUTOS = YES_AGGRESSIVE;
				GCC_WARN_UNUSED_FUNCTION = YES;
				GCC_WARN_UNUSED_VARIABLE = YES;
				IPHONEOS_DEPLOYMENT_TARGET = 9.3;
				MTL_ENABLE_DEBUG_INFO = NO;
				SDKROOT = iphoneos;
				SWIFT_OPTIMIZATION_LEVEL = "-Owholemodule";
				TARGETED_DEVICE_FAMILY = "1,2";
				VALIDATE_PRODUCT = YES;
			};
			name = Release;
		};
		81BA81651A49DA1800E65899 /* Debug */ = {
			isa = XCBuildConfiguration;
			baseConfigurationReference = DB8024D21AA252DDEA8F5CC8 /* Pods-Diappetes.debug.xcconfig */;
			buildSettings = {
				ASSETCATALOG_COMPILER_APPICON_NAME = AppIcon;
				ASSETCATALOG_COMPILER_LAUNCHIMAGE_NAME = LaunchImage;
				CODE_SIGN_IDENTITY = "iPhone Developer";
				"CODE_SIGN_IDENTITY[sdk=iphoneos*]" = "iPhone Developer";
				COMPRESS_PNG_FILES = YES;
				DEVELOPMENT_TEAM = X99R8FUBK5;
				FRAMEWORK_SEARCH_PATHS = (
					"$(inherited)",
					"$(PROJECT_DIR)",
				);
				INFOPLIST_FILE = Resources/Info.plist;
				LD_RUNPATH_SEARCH_PATHS = "$(inherited) @executable_path/Frameworks";
				PRODUCT_BUNDLE_IDENTIFIER = mx.IA.Diappetes;
				PRODUCT_NAME = Diappetes;
				PROVISIONING_PROFILE = "";
				SWIFT_VERSION = 3.0;
			};
			name = Debug;
		};
		81BA81661A49DA1800E65899 /* Release */ = {
			isa = XCBuildConfiguration;
			baseConfigurationReference = F8021AE299E9B785AB82290B /* Pods-Diappetes.release.xcconfig */;
			buildSettings = {
				ASSETCATALOG_COMPILER_APPICON_NAME = AppIcon;
				ASSETCATALOG_COMPILER_LAUNCHIMAGE_NAME = LaunchImage;
				CODE_SIGN_IDENTITY = "iPhone Developer";
				"CODE_SIGN_IDENTITY[sdk=iphoneos*]" = "iPhone Developer";
				COMPRESS_PNG_FILES = YES;
				DEVELOPMENT_TEAM = X99R8FUBK5;
				FRAMEWORK_SEARCH_PATHS = (
					"$(inherited)",
					"$(PROJECT_DIR)",
				);
				INFOPLIST_FILE = Resources/Info.plist;
				LD_RUNPATH_SEARCH_PATHS = "$(inherited) @executable_path/Frameworks";
				PRODUCT_BUNDLE_IDENTIFIER = mx.IA.Diappetes;
				PRODUCT_NAME = Diappetes;
				PROVISIONING_PROFILE = "";
				SWIFT_VERSION = 3.0;
			};
			name = Release;
		};
		B6D32A951E8469DC0005660C /* Debug */ = {
			isa = XCBuildConfiguration;
			buildSettings = {
				ALWAYS_EMBED_SWIFT_STANDARD_LIBRARIES = YES;
				ASSETCATALOG_COMPILER_APPICON_NAME = AppIcon;
				CLANG_ANALYZER_NONNULL = YES;
				CLANG_ENABLE_MODULES = YES;
				CLANG_WARN_DOCUMENTATION_COMMENTS = YES;
				CODE_SIGN_IDENTITY = "iPhone Developer";
				"CODE_SIGN_IDENTITY[sdk=iphoneos*]" = "iPhone Developer";
				DEBUG_INFORMATION_FORMAT = dwarf;
				DEVELOPMENT_TEAM = X99R8FUBK5;
				IBSC_MODULE = WatchDiappetes_Extension;
				INFOPLIST_FILE = WatchDiappetes/Info.plist;
				LD_RUNPATH_SEARCH_PATHS = "$(inherited) @executable_path/../Frameworks @loader_path/../Frameworks";
				PRODUCT_BUNDLE_IDENTIFIER = mx.IA.Diappetes.watchkitapp;
				PRODUCT_NAME = "$(TARGET_NAME)";
				SDKROOT = watchos;
				SKIP_INSTALL = YES;
				SWIFT_ACTIVE_COMPILATION_CONDITIONS = DEBUG;
				SWIFT_OPTIMIZATION_LEVEL = "-Onone";
				SWIFT_VERSION = 3.0;
				TARGETED_DEVICE_FAMILY = 4;
				WATCHOS_DEPLOYMENT_TARGET = 3.0;
			};
			name = Debug;
		};
		B6D32A961E8469DC0005660C /* Release */ = {
			isa = XCBuildConfiguration;
			buildSettings = {
				ALWAYS_EMBED_SWIFT_STANDARD_LIBRARIES = YES;
				ASSETCATALOG_COMPILER_APPICON_NAME = AppIcon;
				CLANG_ANALYZER_NONNULL = YES;
				CLANG_ENABLE_MODULES = YES;
				CLANG_WARN_DOCUMENTATION_COMMENTS = YES;
				CODE_SIGN_IDENTITY = "iPhone Developer";
				"CODE_SIGN_IDENTITY[sdk=iphoneos*]" = "iPhone Developer";
				COPY_PHASE_STRIP = NO;
				DEBUG_INFORMATION_FORMAT = "dwarf-with-dsym";
				DEVELOPMENT_TEAM = X99R8FUBK5;
				IBSC_MODULE = WatchDiappetes_Extension;
				INFOPLIST_FILE = WatchDiappetes/Info.plist;
				LD_RUNPATH_SEARCH_PATHS = "$(inherited) @executable_path/../Frameworks @loader_path/../Frameworks";
				PRODUCT_BUNDLE_IDENTIFIER = mx.IA.Diappetes.watchkitapp;
				PRODUCT_NAME = "$(TARGET_NAME)";
				SDKROOT = watchos;
				SKIP_INSTALL = YES;
				SWIFT_VERSION = 3.0;
				TARGETED_DEVICE_FAMILY = 4;
				WATCHOS_DEPLOYMENT_TARGET = 3.0;
			};
			name = Release;
		};
		B6D32A971E8469DC0005660C /* Debug */ = {
			isa = XCBuildConfiguration;
			buildSettings = {
				ASSETCATALOG_COMPILER_COMPLICATION_NAME = Complication;
				CLANG_ANALYZER_NONNULL = YES;
				CLANG_WARN_DOCUMENTATION_COMMENTS = YES;
				DEBUG_INFORMATION_FORMAT = dwarf;
				DEVELOPMENT_TEAM = X99R8FUBK5;
				INFOPLIST_FILE = "WatchDiappetes Extension/Info.plist";
				LD_RUNPATH_SEARCH_PATHS = "$(inherited) @executable_path/Frameworks @executable_path/../../Frameworks";
				PRODUCT_BUNDLE_IDENTIFIER = mx.IA.Diappetes.watchkitapp.watchkitextension;
				PRODUCT_NAME = "${TARGET_NAME}";
				SDKROOT = watchos;
				SKIP_INSTALL = YES;
				SWIFT_ACTIVE_COMPILATION_CONDITIONS = DEBUG;
				SWIFT_VERSION = 3.0;
				TARGETED_DEVICE_FAMILY = 4;
				WATCHOS_DEPLOYMENT_TARGET = 3.0;
			};
			name = Debug;
		};
		B6D32A981E8469DC0005660C /* Release */ = {
			isa = XCBuildConfiguration;
			buildSettings = {
				ASSETCATALOG_COMPILER_COMPLICATION_NAME = Complication;
				CLANG_ANALYZER_NONNULL = YES;
				CLANG_WARN_DOCUMENTATION_COMMENTS = YES;
				COPY_PHASE_STRIP = NO;
				DEBUG_INFORMATION_FORMAT = "dwarf-with-dsym";
				DEVELOPMENT_TEAM = X99R8FUBK5;
				INFOPLIST_FILE = "WatchDiappetes Extension/Info.plist";
				LD_RUNPATH_SEARCH_PATHS = "$(inherited) @executable_path/Frameworks @executable_path/../../Frameworks";
				PRODUCT_BUNDLE_IDENTIFIER = mx.IA.Diappetes.watchkitapp.watchkitextension;
				PRODUCT_NAME = "${TARGET_NAME}";
				SDKROOT = watchos;
				SKIP_INSTALL = YES;
				SWIFT_VERSION = 3.0;
				TARGETED_DEVICE_FAMILY = 4;
				WATCHOS_DEPLOYMENT_TARGET = 3.0;
			};
			name = Release;
		};
/* End XCBuildConfiguration section */

/* Begin XCConfigurationList section */
		81BA81401A49DA1800E65899 /* Build configuration list for PBXProject "Diappetes" */ = {
			isa = XCConfigurationList;
			buildConfigurations = (
				81BA81621A49DA1800E65899 /* Debug */,
				81BA81631A49DA1800E65899 /* Release */,
			);
			defaultConfigurationIsVisible = 0;
			defaultConfigurationName = Release;
		};
		81BA81641A49DA1800E65899 /* Build configuration list for PBXNativeTarget "Diappetes" */ = {
			isa = XCConfigurationList;
			buildConfigurations = (
				81BA81651A49DA1800E65899 /* Debug */,
				81BA81661A49DA1800E65899 /* Release */,
			);
			defaultConfigurationIsVisible = 0;
			defaultConfigurationName = Release;
		};
		B6D32A991E8469DC0005660C /* Build configuration list for PBXNativeTarget "WatchDiappetes Extension" */ = {
			isa = XCConfigurationList;
			buildConfigurations = (
				B6D32A971E8469DC0005660C /* Debug */,
				B6D32A981E8469DC0005660C /* Release */,
			);
			defaultConfigurationIsVisible = 0;
			defaultConfigurationName = Release;
		};
		B6D32A9B1E8469DC0005660C /* Build configuration list for PBXNativeTarget "WatchDiappetes" */ = {
			isa = XCConfigurationList;
			buildConfigurations = (
				B6D32A951E8469DC0005660C /* Debug */,
				B6D32A961E8469DC0005660C /* Release */,
			);
			defaultConfigurationIsVisible = 0;
			defaultConfigurationName = Release;
		};
/* End XCConfigurationList section */
	};
	rootObject = 81BA813D1A49DA1800E65899 /* Project object */;
}
